// !$*UTF8*$!
{
	archiveVersion = 1;
	classes = {
	};
	objectVersion = 56;
	objects = {

/* Begin PBXBuildFile section */
		5F505E1B2989366D00EAFE2E /* AppDelegate.swift in Sources */ = {isa = PBXBuildFile; fileRef = 5F505E1A2989366D00EAFE2E /* AppDelegate.swift */; };
		5F505E1D2989366D00EAFE2E /* SceneDelegate.swift in Sources */ = {isa = PBXBuildFile; fileRef = 5F505E1C2989366D00EAFE2E /* SceneDelegate.swift */; };
		5F505E1F2989366D00EAFE2E /* CurrentViewController.swift in Sources */ = {isa = PBXBuildFile; fileRef = 5F505E1E2989366D00EAFE2E /* CurrentViewController.swift */; };
		5F505E222989366D00EAFE2E /* Main.storyboard in Resources */ = {isa = PBXBuildFile; fileRef = 5F505E202989366D00EAFE2E /* Main.storyboard */; };
		5F505E242989366F00EAFE2E /* Assets.xcassets in Resources */ = {isa = PBXBuildFile; fileRef = 5F505E232989366F00EAFE2E /* Assets.xcassets */; };
		5F505E272989366F00EAFE2E /* LaunchScreen.storyboard in Resources */ = {isa = PBXBuildFile; fileRef = 5F505E252989366F00EAFE2E /* LaunchScreen.storyboard */; };
		5F5CA33C298A061B006074B3 /* Forecast.swift in Sources */ = {isa = PBXBuildFile; fileRef = 5F5CA33B298A061B006074B3 /* Forecast.swift */; };
		5F5CA33E298A069C006074B3 /* CurrentWeather.swift in Sources */ = {isa = PBXBuildFile; fileRef = 5F5CA33D298A069C006074B3 /* CurrentWeather.swift */; };
/* End PBXBuildFile section */

/* Begin PBXFileReference section */
		5F505E172989366D00EAFE2E /* Atlas.app */ = {isa = PBXFileReference; explicitFileType = wrapper.application; includeInIndex = 0; path = Atlas.app; sourceTree = BUILT_PRODUCTS_DIR; };
		5F505E1A2989366D00EAFE2E /* AppDelegate.swift */ = {isa = PBXFileReference; lastKnownFileType = sourcecode.swift; path = AppDelegate.swift; sourceTree = "<group>"; };
		5F505E1C2989366D00EAFE2E /* SceneDelegate.swift */ = {isa = PBXFileReference; lastKnownFileType = sourcecode.swift; path = SceneDelegate.swift; sourceTree = "<group>"; };
		5F505E1E2989366D00EAFE2E /* CurrentViewController.swift */ = {isa = PBXFileReference; lastKnownFileType = sourcecode.swift; path = CurrentViewController.swift; sourceTree = "<group>"; };
		5F505E212989366D00EAFE2E /* Base */ = {isa = PBXFileReference; lastKnownFileType = file.storyboard; name = Base; path = Base.lproj/Main.storyboard; sourceTree = "<group>"; };
		5F505E232989366F00EAFE2E /* Assets.xcassets */ = {isa = PBXFileReference; lastKnownFileType = folder.assetcatalog; path = Assets.xcassets; sourceTree = "<group>"; };
		5F505E262989366F00EAFE2E /* Base */ = {isa = PBXFileReference; lastKnownFileType = file.storyboard; name = Base; path = Base.lproj/LaunchScreen.storyboard; sourceTree = "<group>"; };
		5F505E282989366F00EAFE2E /* Info.plist */ = {isa = PBXFileReference; lastKnownFileType = text.plist.xml; path = Info.plist; sourceTree = "<group>"; };
		5F5CA33B298A061B006074B3 /* Forecast.swift */ = {isa = PBXFileReference; lastKnownFileType = sourcecode.swift; path = Forecast.swift; sourceTree = "<group>"; };
		5F5CA33D298A069C006074B3 /* CurrentWeather.swift */ = {isa = PBXFileReference; lastKnownFileType = sourcecode.swift; path = CurrentWeather.swift; sourceTree = "<group>"; };
/* End PBXFileReference section */

/* Begin PBXFrameworksBuildPhase section */
		5F505E142989366D00EAFE2E /* Frameworks */ = {
			isa = PBXFrameworksBuildPhase;
			buildActionMask = 2147483647;
			files = (
			);
			runOnlyForDeploymentPostprocessing = 0;
		};
/* End PBXFrameworksBuildPhase section */

/* Begin PBXGroup section */
		5F505E0E2989366D00EAFE2E = {
			isa = PBXGroup;
			children = (
				5F505E192989366D00EAFE2E /* Atlas */,
				5F505E182989366D00EAFE2E /* Products */,
			);
			sourceTree = "<group>";
		};
		5F505E182989366D00EAFE2E /* Products */ = {
			isa = PBXGroup;
			children = (
				5F505E172989366D00EAFE2E /* Atlas.app */,
			);
			name = Products;
			sourceTree = "<group>";
		};
		5F505E192989366D00EAFE2E /* Atlas */ = {
			isa = PBXGroup;
			children = (
				5F5CA33A298A0607006074B3 /* Models */,
				5F505E342989398600EAFE2E /* Delegates */,
				5F505E322989385200EAFE2E /* View Controllers */,
				5F505E36298939D400EAFE2E /* Storyboards */,
				5F505E35298939A400EAFE2E /* Resources */,
				5F505E37298939FB00EAFE2E /* Supporting Files */,
			);
			path = Atlas;
			sourceTree = "<group>";
		};
		5F505E312989384600EAFE2E /* Root View Controller */ = {
			isa = PBXGroup;
			children = (
				5F505E1E2989366D00EAFE2E /* CurrentViewController.swift */,
			);
			path = "Root View Controller";
			sourceTree = "<group>";
		};
		5F505E322989385200EAFE2E /* View Controllers */ = {
			isa = PBXGroup;
			children = (
				5F505E312989384600EAFE2E /* Root View Controller */,
			);
			path = "View Controllers";
			sourceTree = "<group>";
		};
		5F505E342989398600EAFE2E /* Delegates */ = {
			isa = PBXGroup;
			children = (
				5F505E1A2989366D00EAFE2E /* AppDelegate.swift */,
				5F505E1C2989366D00EAFE2E /* SceneDelegate.swift */,
			);
			path = Delegates;
			sourceTree = "<group>";
		};
		5F505E35298939A400EAFE2E /* Resources */ = {
			isa = PBXGroup;
			children = (
				5F505E232989366F00EAFE2E /* Assets.xcassets */,
			);
			path = Resources;
			sourceTree = "<group>";
		};
		5F505E36298939D400EAFE2E /* Storyboards */ = {
			isa = PBXGroup;
			children = (
				5F505E202989366D00EAFE2E /* Main.storyboard */,
				5F505E252989366F00EAFE2E /* LaunchScreen.storyboard */,
			);
			path = Storyboards;
			sourceTree = "<group>";
		};
		5F505E37298939FB00EAFE2E /* Supporting Files */ = {
			isa = PBXGroup;
			children = (
				5F505E282989366F00EAFE2E /* Info.plist */,
			);
			path = "Supporting Files";
			sourceTree = "<group>";
		};
		5F5CA33A298A0607006074B3 /* Models */ = {
			isa = PBXGroup;
			children = (
				5F5CA33B298A061B006074B3 /* Forecast.swift */,
				5F5CA33D298A069C006074B3 /* CurrentWeather.swift */,
			);
			path = Models;
			sourceTree = "<group>";
		};
/* End PBXGroup section */

/* Begin PBXNativeTarget section */
		5F505E162989366D00EAFE2E /* Atlas */ = {
			isa = PBXNativeTarget;
			buildConfigurationList = 5F505E2B2989366F00EAFE2E /* Build configuration list for PBXNativeTarget "Atlas" */;
			buildPhases = (
				5F505E132989366D00EAFE2E /* Sources */,
				5F505E142989366D00EAFE2E /* Frameworks */,
				5F505E152989366D00EAFE2E /* Resources */,
				5F505E332989388900EAFE2E /* SwiftLint Run Script */,
			);
			buildRules = (
			);
			dependencies = (
			);
			name = Atlas;
			productName = Atlas;
			productReference = 5F505E172989366D00EAFE2E /* Atlas.app */;
			productType = "com.apple.product-type.application";
		};
/* End PBXNativeTarget section */

/* Begin PBXProject section */
		5F505E0F2989366D00EAFE2E /* Project object */ = {
			isa = PBXProject;
			attributes = {
				BuildIndependentTargetsInParallel = 1;
				LastSwiftUpdateCheck = 1420;
				LastUpgradeCheck = 1420;
				TargetAttributes = {
					5F505E162989366D00EAFE2E = {
						CreatedOnToolsVersion = 14.2;
					};
				};
			};
			buildConfigurationList = 5F505E122989366D00EAFE2E /* Build configuration list for PBXProject "Atlas" */;
			compatibilityVersion = "Xcode 14.0";
			developmentRegion = en;
			hasScannedForEncodings = 0;
			knownRegions = (
				en,
				Base,
			);
			mainGroup = 5F505E0E2989366D00EAFE2E;
			productRefGroup = 5F505E182989366D00EAFE2E /* Products */;
			projectDirPath = "";
			projectRoot = "";
			targets = (
				5F505E162989366D00EAFE2E /* Atlas */,
			);
		};
/* End PBXProject section */

/* Begin PBXResourcesBuildPhase section */
		5F505E152989366D00EAFE2E /* Resources */ = {
			isa = PBXResourcesBuildPhase;
			buildActionMask = 2147483647;
			files = (
				5F505E272989366F00EAFE2E /* LaunchScreen.storyboard in Resources */,
				5F505E242989366F00EAFE2E /* Assets.xcassets in Resources */,
				5F505E222989366D00EAFE2E /* Main.storyboard in Resources */,
			);
			runOnlyForDeploymentPostprocessing = 0;
		};
/* End PBXResourcesBuildPhase section */

/* Begin PBXShellScriptBuildPhase section */
		5F505E332989388900EAFE2E /* SwiftLint Run Script */ = {
			isa = PBXShellScriptBuildPhase;
			alwaysOutOfDate = 1;
			buildActionMask = 2147483647;
			files = (
			);
			inputFileListPaths = (
			);
			inputPaths = (
			);
			name = "SwiftLint Run Script";
			outputFileListPaths = (
			);
			outputPaths = (
			);
			runOnlyForDeploymentPostprocessing = 0;
			shellPath = /bin/sh;
			shellScript = "export PATH=\"$PATH:/opt/homebrew/bin\"\n\n if which swiftlint >/dev/null; then\n     swiftlint --no-cache\n else\n     echo \"SwiftLint does not exist, download from https://github.com/realm/SwiftLint\"\n fi\n";
		};
/* End PBXShellScriptBuildPhase section */

/* Begin PBXSourcesBuildPhase section */
		5F505E132989366D00EAFE2E /* Sources */ = {
			isa = PBXSourcesBuildPhase;
			buildActionMask = 2147483647;
			files = (
				5F5CA33C298A061B006074B3 /* Forecast.swift in Sources */,
				5F5CA33E298A069C006074B3 /* CurrentWeather.swift in Sources */,
				5F505E1F2989366D00EAFE2E /* CurrentViewController.swift in Sources */,
				5F505E1B2989366D00EAFE2E /* AppDelegate.swift in Sources */,
				5F505E1D2989366D00EAFE2E /* SceneDelegate.swift in Sources */,
			);
			runOnlyForDeploymentPostprocessing = 0;
		};
/* End PBXSourcesBuildPhase section */

/* Begin PBXVariantGroup section */
		5F505E202989366D00EAFE2E /* Main.storyboard */ = {
			isa = PBXVariantGroup;
			children = (
				5F505E212989366D00EAFE2E /* Base */,
			);
			name = Main.storyboard;
			sourceTree = "<group>";
		};
		5F505E252989366F00EAFE2E /* LaunchScreen.storyboard */ = {
			isa = PBXVariantGroup;
			children = (
				5F505E262989366F00EAFE2E /* Base */,
			);
			name = LaunchScreen.storyboard;
			sourceTree = "<group>";
		};
/* End PBXVariantGroup section */

/* Begin XCBuildConfiguration section */
		5F505E292989366F00EAFE2E /* Debug */ = {
			isa = XCBuildConfiguration;
			buildSettings = {
				ALWAYS_SEARCH_USER_PATHS = NO;
				CLANG_ANALYZER_NONNULL = YES;
				CLANG_ANALYZER_NUMBER_OBJECT_CONVERSION = YES_AGGRESSIVE;
				CLANG_CXX_LANGUAGE_STANDARD = "gnu++20";
				CLANG_ENABLE_MODULES = YES;
				CLANG_ENABLE_OBJC_ARC = YES;
				CLANG_ENABLE_OBJC_WEAK = YES;
				CLANG_WARN_BLOCK_CAPTURE_AUTORELEASING = YES;
				CLANG_WARN_BOOL_CONVERSION = YES;
				CLANG_WARN_COMMA = YES;
				CLANG_WARN_CONSTANT_CONVERSION = YES;
				CLANG_WARN_DEPRECATED_OBJC_IMPLEMENTATIONS = YES;
				CLANG_WARN_DIRECT_OBJC_ISA_USAGE = YES_ERROR;
				CLANG_WARN_DOCUMENTATION_COMMENTS = YES;
				CLANG_WARN_EMPTY_BODY = YES;
				CLANG_WARN_ENUM_CONVERSION = YES;
				CLANG_WARN_INFINITE_RECURSION = YES;
				CLANG_WARN_INT_CONVERSION = YES;
				CLANG_WARN_NON_LITERAL_NULL_CONVERSION = YES;
				CLANG_WARN_OBJC_IMPLICIT_RETAIN_SELF = YES;
				CLANG_WARN_OBJC_LITERAL_CONVERSION = YES;
				CLANG_WARN_OBJC_ROOT_CLASS = YES_ERROR;
				CLANG_WARN_QUOTED_INCLUDE_IN_FRAMEWORK_HEADER = YES;
				CLANG_WARN_RANGE_LOOP_ANALYSIS = YES;
				CLANG_WARN_STRICT_PROTOTYPES = YES;
				CLANG_WARN_SUSPICIOUS_MOVE = YES;
				CLANG_WARN_UNGUARDED_AVAILABILITY = YES_AGGRESSIVE;
				CLANG_WARN_UNREACHABLE_CODE = YES;
				CLANG_WARN__DUPLICATE_METHOD_MATCH = YES;
				COPY_PHASE_STRIP = NO;
				DEBUG_INFORMATION_FORMAT = dwarf;
				ENABLE_STRICT_OBJC_MSGSEND = YES;
				ENABLE_TESTABILITY = YES;
				GCC_C_LANGUAGE_STANDARD = gnu11;
				GCC_DYNAMIC_NO_PIC = NO;
				GCC_NO_COMMON_BLOCKS = YES;
				GCC_OPTIMIZATION_LEVEL = 0;
				GCC_PREPROCESSOR_DEFINITIONS = (
					"DEBUG=1",
					"$(inherited)",
				);
				GCC_WARN_64_TO_32_BIT_CONVERSION = YES;
				GCC_WARN_ABOUT_RETURN_TYPE = YES_ERROR;
				GCC_WARN_UNDECLARED_SELECTOR = YES;
				GCC_WARN_UNINITIALIZED_AUTOS = YES_AGGRESSIVE;
				GCC_WARN_UNUSED_FUNCTION = YES;
				GCC_WARN_UNUSED_VARIABLE = YES;
				IPHONEOS_DEPLOYMENT_TARGET = 16.2;
				MTL_ENABLE_DEBUG_INFO = INCLUDE_SOURCE;
				MTL_FAST_MATH = YES;
				ONLY_ACTIVE_ARCH = YES;
				SDKROOT = iphoneos;
				SWIFT_ACTIVE_COMPILATION_CONDITIONS = DEBUG;
				SWIFT_OPTIMIZATION_LEVEL = "-Onone";
			};
			name = Debug;
		};
		5F505E2A2989366F00EAFE2E /* Release */ = {
			isa = XCBuildConfiguration;
			buildSettings = {
				ALWAYS_SEARCH_USER_PATHS = NO;
				CLANG_ANALYZER_NONNULL = YES;
				CLANG_ANALYZER_NUMBER_OBJECT_CONVERSION = YES_AGGRESSIVE;
				CLANG_CXX_LANGUAGE_STANDARD = "gnu++20";
				CLANG_ENABLE_MODULES = YES;
				CLANG_ENABLE_OBJC_ARC = YES;
				CLANG_ENABLE_OBJC_WEAK = YES;
				CLANG_WARN_BLOCK_CAPTURE_AUTORELEASING = YES;
				CLANG_WARN_BOOL_CONVERSION = YES;
				CLANG_WARN_COMMA = YES;
				CLANG_WARN_CONSTANT_CONVERSION = YES;
				CLANG_WARN_DEPRECATED_OBJC_IMPLEMENTATIONS = YES;
				CLANG_WARN_DIRECT_OBJC_ISA_USAGE = YES_ERROR;
				CLANG_WARN_DOCUMENTATION_COMMENTS = YES;
				CLANG_WARN_EMPTY_BODY = YES;
				CLANG_WARN_ENUM_CONVERSION = YES;
				CLANG_WARN_INFINITE_RECURSION = YES;
				CLANG_WARN_INT_CONVERSION = YES;
				CLANG_WARN_NON_LITERAL_NULL_CONVERSION = YES;
				CLANG_WARN_OBJC_IMPLICIT_RETAIN_SELF = YES;
				CLANG_WARN_OBJC_LITERAL_CONVERSION = YES;
				CLANG_WARN_OBJC_ROOT_CLASS = YES_ERROR;
				CLANG_WARN_QUOTED_INCLUDE_IN_FRAMEWORK_HEADER = YES;
				CLANG_WARN_RANGE_LOOP_ANALYSIS = YES;
				CLANG_WARN_STRICT_PROTOTYPES = YES;
				CLANG_WARN_SUSPICIOUS_MOVE = YES;
				CLANG_WARN_UNGUARDED_AVAILABILITY = YES_AGGRESSIVE;
				CLANG_WARN_UNREACHABLE_CODE = YES;
				CLANG_WARN__DUPLICATE_METHOD_MATCH = YES;
				COPY_PHASE_STRIP = NO;
				DEBUG_INFORMATION_FORMAT = "dwarf-with-dsym";
				ENABLE_NS_ASSERTIONS = NO;
				ENABLE_STRICT_OBJC_MSGSEND = YES;
				GCC_C_LANGUAGE_STANDARD = gnu11;
				GCC_NO_COMMON_BLOCKS = YES;
				GCC_WARN_64_TO_32_BIT_CONVERSION = YES;
				GCC_WARN_ABOUT_RETURN_TYPE = YES_ERROR;
				GCC_WARN_UNDECLARED_SELECTOR = YES;
				GCC_WARN_UNINITIALIZED_AUTOS = YES_AGGRESSIVE;
				GCC_WARN_UNUSED_FUNCTION = YES;
				GCC_WARN_UNUSED_VARIABLE = YES;
				IPHONEOS_DEPLOYMENT_TARGET = 16.2;
				MTL_ENABLE_DEBUG_INFO = NO;
				MTL_FAST_MATH = YES;
				SDKROOT = iphoneos;
				SWIFT_COMPILATION_MODE = wholemodule;
				SWIFT_OPTIMIZATION_LEVEL = "-O";
				VALIDATE_PRODUCT = YES;
			};
			name = Release;
		};
		5F505E2C2989366F00EAFE2E /* Debug */ = {
			isa = XCBuildConfiguration;
			buildSettings = {
				ASSETCATALOG_COMPILER_APPICON_NAME = AppIcon;
				ASSETCATALOG_COMPILER_GLOBAL_ACCENT_COLOR_NAME = AccentColor;
				CODE_SIGN_STYLE = Automatic;
				CURRENT_PROJECT_VERSION = 1;
				DEVELOPMENT_TEAM = WV9WZS43J9;
				GENERATE_INFOPLIST_FILE = YES;
				INFOPLIST_FILE = "Atlas/Supporting Files/Info.plist";
				INFOPLIST_KEY_CFBundleDisplayName = Atlas;
				INFOPLIST_KEY_UIApplicationSupportsIndirectInputEvents = YES;
				INFOPLIST_KEY_UILaunchStoryboardName = LaunchScreen;
				INFOPLIST_KEY_UIMainStoryboardFile = Main;
				INFOPLIST_KEY_UISupportedInterfaceOrientations_iPad = "UIInterfaceOrientationPortrait UIInterfaceOrientationPortraitUpsideDown UIInterfaceOrientationLandscapeLeft UIInterfaceOrientationLandscapeRight";
				INFOPLIST_KEY_UISupportedInterfaceOrientations_iPhone = "UIInterfaceOrientationPortrait UIInterfaceOrientationLandscapeLeft UIInterfaceOrientationLandscapeRight";
				IPHONEOS_DEPLOYMENT_TARGET = 16.0;
				LD_RUNPATH_SEARCH_PATHS = (
					"$(inherited)",
					"@executable_path/Frameworks",
				);
				MARKETING_VERSION = 0.0.1;
				PRODUCT_BUNDLE_IDENTIFIER = com.appbantu.Atlas;
				PRODUCT_NAME = "$(TARGET_NAME)";
				SUPPORTED_PLATFORMS = "iphoneos iphonesimulator";
				SUPPORTS_MACCATALYST = NO;
				SUPPORTS_MAC_DESIGNED_FOR_IPHONE_IPAD = NO;
				SWIFT_EMIT_LOC_STRINGS = YES;
				SWIFT_VERSION = 5.0;
				TARGETED_DEVICE_FAMILY = 1;
			};
			name = Debug;
		};
		5F505E2D2989366F00EAFE2E /* Release */ = {
			isa = XCBuildConfiguration;
			buildSettings = {
				ASSETCATALOG_COMPILER_APPICON_NAME = AppIcon;
				ASSETCATALOG_COMPILER_GLOBAL_ACCENT_COLOR_NAME = AccentColor;
				CODE_SIGN_STYLE = Automatic;
				CURRENT_PROJECT_VERSION = 1;
				DEVELOPMENT_TEAM = WV9WZS43J9;
				GENERATE_INFOPLIST_FILE = YES;
				INFOPLIST_FILE = "Atlas/Supporting Files/Info.plist";
				INFOPLIST_KEY_CFBundleDisplayName = Atlas;
				INFOPLIST_KEY_UIApplicationSupportsIndirectInputEvents = YES;
				INFOPLIST_KEY_UILaunchStoryboardName = LaunchScreen;
				INFOPLIST_KEY_UIMainStoryboardFile = Main;
				INFOPLIST_KEY_UISupportedInterfaceOrientations_iPad = "UIInterfaceOrientationPortrait UIInterfaceOrientationPortraitUpsideDown UIInterfaceOrientationLandscapeLeft UIInterfaceOrientationLandscapeRight";
				INFOPLIST_KEY_UISupportedInterfaceOrientations_iPhone = "UIInterfaceOrientationPortrait UIInterfaceOrientationLandscapeLeft UIInterfaceOrientationLandscapeRight";
				IPHONEOS_DEPLOYMENT_TARGET = 16.0;
				LD_RUNPATH_SEARCH_PATHS = (
					"$(inherited)",
					"@executable_path/Frameworks",
				);
				MARKETING_VERSION = 0.0.1;
				PRODUCT_BUNDLE_IDENTIFIER = com.appbantu.Atlas;
				PRODUCT_NAME = "$(TARGET_NAME)";
				SUPPORTED_PLATFORMS = "iphoneos iphonesimulator";
				SUPPORTS_MACCATALYST = NO;
				SUPPORTS_MAC_DESIGNED_FOR_IPHONE_IPAD = NO;
				SWIFT_EMIT_LOC_STRINGS = YES;
				SWIFT_VERSION = 5.0;
				TARGETED_DEVICE_FAMILY = 1;
			};
			name = Release;
		};
/* End XCBuildConfiguration section */

/* Begin XCConfigurationList section */
		5F505E122989366D00EAFE2E /* Build configuration list for PBXProject "Atlas" */ = {
			isa = XCConfigurationList;
			buildConfigurations = (
				5F505E292989366F00EAFE2E /* Debug */,
				5F505E2A2989366F00EAFE2E /* Release */,
			);
			defaultConfigurationIsVisible = 0;
			defaultConfigurationName = Release;
		};
		5F505E2B2989366F00EAFE2E /* Build configuration list for PBXNativeTarget "Atlas" */ = {
			isa = XCConfigurationList;
			buildConfigurations = (
				5F505E2C2989366F00EAFE2E /* Debug */,
				5F505E2D2989366F00EAFE2E /* Release */,
			);
			defaultConfigurationIsVisible = 0;
			defaultConfigurationName = Release;
		};
/* End XCConfigurationList section */
	};
	rootObject = 5F505E0F2989366D00EAFE2E /* Project object */;
}
