// !$*UTF8*$!
{
	archiveVersion = 1;
	classes = {
	};
	objectVersion = 56;
	objects = {

/* Begin PBXBuildFile section */
		5F0BE8A5299325A4001D8535 /* XCUIApplication+Extension.swift in Sources */ = {isa = PBXBuildFile; fileRef = 5F0BE8A4299325A4001D8535 /* XCUIApplication+Extension.swift */; };
		5F0BE8A929934C12001D8535 /* XCTestCase+Extension.swift in Sources */ = {isa = PBXBuildFile; fileRef = 5F0BE8A829934C12001D8535 /* XCTestCase+Extension.swift */; };
		5F13599C298FA5D1005B8100 /* Location.swift in Sources */ = {isa = PBXBuildFile; fileRef = 5F13599B298FA5D1005B8100 /* Location.swift */; };
		5F13599E298FA921005B8100 /* LocationServicing.swift in Sources */ = {isa = PBXBuildFile; fileRef = 5F13599D298FA921005B8100 /* LocationServicing.swift */; };
		5F1359A1298FADD7005B8100 /* LocationSservice.swift in Sources */ = {isa = PBXBuildFile; fileRef = 5F1359A0298FADD7005B8100 /* LocationSservice.swift */; };
		5F1359A3298FB6FB005B8100 /* NetworkServicing.swift in Sources */ = {isa = PBXBuildFile; fileRef = 5F1359A2298FB6FB005B8100 /* NetworkServicing.swift */; };
		5F1359A5298FEB71005B8100 /* UserDefaults+Extension.swift in Sources */ = {isa = PBXBuildFile; fileRef = 5F1359A4298FEB71005B8100 /* UserDefaults+Extension.swift */; };
		5F1359AD2990994B005B8100 /* MockNetworkService.swift in Sources */ = {isa = PBXBuildFile; fileRef = 5F1359AC2990994B005B8100 /* MockNetworkService.swift */; };
		5F1359AF29909984005B8100 /* MockLocationService.swift in Sources */ = {isa = PBXBuildFile; fileRef = 5F1359AE29909984005B8100 /* MockLocationService.swift */; };
		5F1359B32990BC57005B8100 /* CurrentLocationViewModelTests.swift in Sources */ = {isa = PBXBuildFile; fileRef = 5F1359B22990BC57005B8100 /* CurrentLocationViewModelTests.swift */; };
		5F1A2D042992DF0E00A61733 /* Logger+Extension.swift in Sources */ = {isa = PBXBuildFile; fileRef = 5F1A2D032992DF0E00A61733 /* Logger+Extension.swift */; };
		5F26171E2992845A005DAD79 /* MapPin.swift in Sources */ = {isa = PBXBuildFile; fileRef = 5F26171D2992845A005DAD79 /* MapPin.swift */; };
		5F2B9F68299761520033DBB5 /* AppIcon.swift in Sources */ = {isa = PBXBuildFile; fileRef = 5F2B9F67299761520033DBB5 /* AppIcon.swift */; };
		5F2B9F6A299763DF0033DBB5 /* SettingsViewModel.swift in Sources */ = {isa = PBXBuildFile; fileRef = 5F2B9F69299763DF0033DBB5 /* SettingsViewModel.swift */; };
		5F2B9F6C299764EE0033DBB5 /* RadioView.swift in Sources */ = {isa = PBXBuildFile; fileRef = 5F2B9F6B299764EE0033DBB5 /* RadioView.swift */; };
		5F328292298C9A9F0079CF67 /* UICollectionViewCell+Extension .swift in Sources */ = {isa = PBXBuildFile; fileRef = 5F328291298C9A9F0079CF67 /* UICollectionViewCell+Extension .swift */; };
		5F328297298C9B380079CF67 /* ForecastListCollectionViewCell.swift in Sources */ = {isa = PBXBuildFile; fileRef = 5F328295298C9B380079CF67 /* ForecastListCollectionViewCell.swift */; };
		5F328298298C9B380079CF67 /* ForecastListCollectionViewCell.xib in Resources */ = {isa = PBXBuildFile; fileRef = 5F328296298C9B380079CF67 /* ForecastListCollectionViewCell.xib */; };
		5F32829A298C9C5F0079CF67 /* ReusableView.swift in Sources */ = {isa = PBXBuildFile; fileRef = 5F328299298C9C5F0079CF67 /* ReusableView.swift */; };
		5F32829C298C9C7B0079CF67 /* SelfConfiguringCell.swift in Sources */ = {isa = PBXBuildFile; fileRef = 5F32829B298C9C7B0079CF67 /* SelfConfiguringCell.swift */; };
		5F3282A4298CD2790079CF67 /* SettingsView.swift in Sources */ = {isa = PBXBuildFile; fileRef = 5F3282A3298CD2790079CF67 /* SettingsView.swift */; };
		5F3282AA298CDCF50079CF67 /* SettingsViewController.swift in Sources */ = {isa = PBXBuildFile; fileRef = 5F3282A9298CDCF50079CF67 /* SettingsViewController.swift */; };
		5F4AB472298BCBD20007815D /*  DependencyProvider.swift in Sources */ = {isa = PBXBuildFile; fileRef = 5F4AB471298BCBD20007815D /*  DependencyProvider.swift */; };
		5F4AB475298BD1B10007815D /* FavoritesViewController.swift in Sources */ = {isa = PBXBuildFile; fileRef = 5F4AB474298BD1B10007815D /* FavoritesViewController.swift */; };
		5F4AB47C298BF9B90007815D /* ThemeManager.swift in Sources */ = {isa = PBXBuildFile; fileRef = 5F4AB47B298BF9B90007815D /* ThemeManager.swift */; };
		5F4AB47E298BFA210007815D /* ImageTheme.swift in Sources */ = {isa = PBXBuildFile; fileRef = 5F4AB47D298BFA210007815D /* ImageTheme.swift */; };
		5F4AB480298C121A0007815D /* Themeable.swift in Sources */ = {isa = PBXBuildFile; fileRef = 5F4AB47F298C121A0007815D /* Themeable.swift */; };
		5F4AB482298C14D90007815D /* ColorTheme.swift in Sources */ = {isa = PBXBuildFile; fileRef = 5F4AB481298C14D90007815D /* ColorTheme.swift */; };
		5F4AB484298C595E0007815D /* Styles.swift in Sources */ = {isa = PBXBuildFile; fileRef = 5F4AB483298C595E0007815D /* Styles.swift */; };
		5F505E1B2989366D00EAFE2E /* AppDelegate.swift in Sources */ = {isa = PBXBuildFile; fileRef = 5F505E1A2989366D00EAFE2E /* AppDelegate.swift */; };
		5F505E1D2989366D00EAFE2E /* SceneDelegate.swift in Sources */ = {isa = PBXBuildFile; fileRef = 5F505E1C2989366D00EAFE2E /* SceneDelegate.swift */; };
		5F505E1F2989366D00EAFE2E /* CurrentLocationViewController.swift in Sources */ = {isa = PBXBuildFile; fileRef = 5F505E1E2989366D00EAFE2E /* CurrentLocationViewController.swift */; };
		5F505E222989366D00EAFE2E /* Main.storyboard in Resources */ = {isa = PBXBuildFile; fileRef = 5F505E202989366D00EAFE2E /* Main.storyboard */; };
		5F505E242989366F00EAFE2E /* Assets.xcassets in Resources */ = {isa = PBXBuildFile; fileRef = 5F505E232989366F00EAFE2E /* Assets.xcassets */; };
		5F505E272989366F00EAFE2E /* LaunchScreen.storyboard in Resources */ = {isa = PBXBuildFile; fileRef = 5F505E252989366F00EAFE2E /* LaunchScreen.storyboard */; };
		5F56FFA7298E319E0085DAD0 /* DayViewModelTests.swift in Sources */ = {isa = PBXBuildFile; fileRef = 5F56FFA6298E319E0085DAD0 /* DayViewModelTests.swift */; };
		5F56FFAA298E342F0085DAD0 /* current.json in Resources */ = {isa = PBXBuildFile; fileRef = 5F56FFA9298E342F0085DAD0 /* current.json */; };
		5F56FFAF298E3A6C0085DAD0 /* forecast.json in Resources */ = {isa = PBXBuildFile; fileRef = 5F56FFAE298E3A6C0085DAD0 /* forecast.json */; };
		5F56FFB1298E3CB10085DAD0 /* ForecastViewModelTests.swift in Sources */ = {isa = PBXBuildFile; fileRef = 5F56FFB0298E3CB10085DAD0 /* ForecastViewModelTests.swift */; };
		5F56FFB4298E52E70085DAD0 /* FavoriteCitiesViewController.swift in Sources */ = {isa = PBXBuildFile; fileRef = 5F56FFB3298E52E70085DAD0 /* FavoriteCitiesViewController.swift */; };
		5F56FFB7298E55940085DAD0 /* WeekDayRepresentable.swift in Sources */ = {isa = PBXBuildFile; fileRef = 5F56FFB6298E55940085DAD0 /* WeekDayRepresentable.swift */; };
		5F56FFB9298E62240085DAD0 /* ForecastDayViewModelTests.swift in Sources */ = {isa = PBXBuildFile; fileRef = 5F56FFB8298E62240085DAD0 /* ForecastDayViewModelTests.swift */; };
		5F5CA33C298A061B006074B3 /* Forecast.swift in Sources */ = {isa = PBXBuildFile; fileRef = 5F5CA33B298A061B006074B3 /* Forecast.swift */; };
		5F5CA33E298A069C006074B3 /* CurrentWeather.swift in Sources */ = {isa = PBXBuildFile; fileRef = 5F5CA33D298A069C006074B3 /* CurrentWeather.swift */; };
		5F5CA340298A1B61006074B3 /* DayViewController.swift in Sources */ = {isa = PBXBuildFile; fileRef = 5F5CA33F298A1B61006074B3 /* DayViewController.swift */; };
		5F5CA342298A1BC7006074B3 /* ForecastViewController.swift in Sources */ = {isa = PBXBuildFile; fileRef = 5F5CA341298A1BC7006074B3 /* ForecastViewController.swift */; };
		5F72E1C4298DFFE700858576 /* Settings.storyboard in Resources */ = {isa = PBXBuildFile; fileRef = 5F72E1C2298DFFE700858576 /* Settings.storyboard */; };
		5F72E1C6298E00A500858576 /* CurrentLocation.storyboard in Resources */ = {isa = PBXBuildFile; fileRef = 5F72E1C5298E00A500858576 /* CurrentLocation.storyboard */; };
		5F72E1C8298E201200858576 /* AtlasError.swift in Sources */ = {isa = PBXBuildFile; fileRef = 5F72E1C7298E201200858576 /* AtlasError.swift */; };
		5F8A97072994BEC6003B8A7C /* StringOptional+Extension.swift in Sources */ = {isa = PBXBuildFile; fileRef = 5F8A97062994BEC6003B8A7C /* StringOptional+Extension.swift */; };
		5F9280032992901F0067A2D7 /* FavoritesMapViewModel.swift in Sources */ = {isa = PBXBuildFile; fileRef = 5F9280022992901F0067A2D7 /* FavoritesMapViewModel.swift */; };
		5FAC3698299181BF0037E7A5 /* FavoritesMapViewController.swift in Sources */ = {isa = PBXBuildFile; fileRef = 5FAC3697299181BF0037E7A5 /* FavoritesMapViewController.swift */; };
		5FAFABEA2993F46B009519B9 /* NetworkSservice.swift in Sources */ = {isa = PBXBuildFile; fileRef = 5FAFABE92993F46B009519B9 /* NetworkSservice.swift */; };
		5FB8F4A3298AD9DD00B8A158 /* Alert.swift in Sources */ = {isa = PBXBuildFile; fileRef = 5FB8F4A2298AD9DD00B8A158 /* Alert.swift */; };
		5FB8F4A6298AF65800B8A158 /* WeatherData.swift in Sources */ = {isa = PBXBuildFile; fileRef = 5FB8F4A5298AF65800B8A158 /* WeatherData.swift */; };
		5FBA09C6298DD2CB0027D55C /* ForecastDayViewModel.swift in Sources */ = {isa = PBXBuildFile; fileRef = 5FBA09C5298DD2CB0027D55C /* ForecastDayViewModel.swift */; };
		5FC3A531298A44B60071FA66 /* WeatherConditionIcon.swift in Sources */ = {isa = PBXBuildFile; fileRef = 5FC3A530298A44B60071FA66 /* WeatherConditionIcon.swift */; };
		5FC3A533298A6A850071FA66 /* WeatherRequest.swift in Sources */ = {isa = PBXBuildFile; fileRef = 5FC3A532298A6A850071FA66 /* WeatherRequest.swift */; };
		5FC3A536298A6F440071FA66 /* Configuration.swift in Sources */ = {isa = PBXBuildFile; fileRef = 5FC3A535298A6F440071FA66 /* Configuration.swift */; };
		5FC3A53D298A818D0071FA66 /* CurrentLocationViewModel.swift in Sources */ = {isa = PBXBuildFile; fileRef = 5FC3A53C298A818D0071FA66 /* CurrentLocationViewModel.swift */; };
		5FC3A542298A85D70071FA66 /* TabBarController.swift in Sources */ = {isa = PBXBuildFile; fileRef = 5FC3A541298A85D70071FA66 /* TabBarController.swift */; };
		5FC591832997C71D00A9301D /* TemperatureNotation.swift in Sources */ = {isa = PBXBuildFile; fileRef = 5FC591822997C71D00A9301D /* TemperatureNotation.swift */; };
		5FC591852997D47600A9301D /* Double+Extension.swift in Sources */ = {isa = PBXBuildFile; fileRef = 5FC591842997D47600A9301D /* Double+Extension.swift */; };
		5FCCAEFC298DF71A00A652C4 /* ci_post_clone.sh in Resources */ = {isa = PBXBuildFile; fileRef = 5FCCAEFB298DF71A00A652C4 /* ci_post_clone.sh */; };
		5FCCCD5D2992C6C20061EB43 /* AtlasUITests.swift in Sources */ = {isa = PBXBuildFile; fileRef = 5FCCCD5C2992C6C20061EB43 /* AtlasUITests.swift */; };
		5FF3FA622991A7880074FBAF /* AddCityViewController.swift in Sources */ = {isa = PBXBuildFile; fileRef = 5FF3FA612991A7880074FBAF /* AddCityViewController.swift */; };
		5FF3FA642991A7980074FBAF /* AddCityViewModel.swift in Sources */ = {isa = PBXBuildFile; fileRef = 5FF3FA632991A7980074FBAF /* AddCityViewModel.swift */; };
		5FF3FA682991AD6E0074FBAF /* FavoritesNavigationViewController.swift in Sources */ = {isa = PBXBuildFile; fileRef = 5FF3FA672991AD6E0074FBAF /* FavoritesNavigationViewController.swift */; };
		5FF3FA6F2991C20D0074FBAF /* CityCell.swift in Sources */ = {isa = PBXBuildFile; fileRef = 5FF3FA6E2991C20D0074FBAF /* CityCell.swift */; };
		5FF3FA7129920B7B0074FBAF /* CityCellViewModel.swift in Sources */ = {isa = PBXBuildFile; fileRef = 5FF3FA7029920B7B0074FBAF /* CityCellViewModel.swift */; };
		5FF54D68298B10EE000FF779 /* DayViewModel.swift in Sources */ = {isa = PBXBuildFile; fileRef = 5FF54D67298B10EE000FF779 /* DayViewModel.swift */; };
		5FF54D6B298B117F000FF779 /* ForecastViewModel.swift in Sources */ = {isa = PBXBuildFile; fileRef = 5FF54D6A298B117F000FF779 /* ForecastViewModel.swift */; };
/* End PBXBuildFile section */

/* Begin PBXContainerItemProxy section */
		5F56FFA0298E30F80085DAD0 /* PBXContainerItemProxy */ = {
			isa = PBXContainerItemProxy;
			containerPortal = 5F505E0F2989366D00EAFE2E /* Project object */;
			proxyType = 1;
			remoteGlobalIDString = 5F505E162989366D00EAFE2E;
			remoteInfo = Atlas;
		};
		5FCCCD602992C6C20061EB43 /* PBXContainerItemProxy */ = {
			isa = PBXContainerItemProxy;
			containerPortal = 5F505E0F2989366D00EAFE2E /* Project object */;
			proxyType = 1;
			remoteGlobalIDString = 5F505E162989366D00EAFE2E;
			remoteInfo = Atlas;
		};
/* End PBXContainerItemProxy section */

/* Begin PBXFileReference section */
		5F0BE8A4299325A4001D8535 /* XCUIApplication+Extension.swift */ = {isa = PBXFileReference; lastKnownFileType = sourcecode.swift; path = "XCUIApplication+Extension.swift"; sourceTree = "<group>"; };
		5F0BE8A829934C12001D8535 /* XCTestCase+Extension.swift */ = {isa = PBXFileReference; lastKnownFileType = sourcecode.swift; path = "XCTestCase+Extension.swift"; sourceTree = "<group>"; };
		5F13599B298FA5D1005B8100 /* Location.swift */ = {isa = PBXFileReference; lastKnownFileType = sourcecode.swift; path = Location.swift; sourceTree = "<group>"; };
		5F13599D298FA921005B8100 /* LocationServicing.swift */ = {isa = PBXFileReference; lastKnownFileType = sourcecode.swift; path = LocationServicing.swift; sourceTree = "<group>"; };
		5F1359A0298FADD7005B8100 /* LocationSservice.swift */ = {isa = PBXFileReference; lastKnownFileType = sourcecode.swift; path = LocationSservice.swift; sourceTree = "<group>"; };
		5F1359A2298FB6FB005B8100 /* NetworkServicing.swift */ = {isa = PBXFileReference; lastKnownFileType = sourcecode.swift; path = NetworkServicing.swift; sourceTree = "<group>"; };
		5F1359A4298FEB71005B8100 /* UserDefaults+Extension.swift */ = {isa = PBXFileReference; lastKnownFileType = sourcecode.swift; path = "UserDefaults+Extension.swift"; sourceTree = "<group>"; };
		5F1359A629901E56005B8100 /* README.md */ = {isa = PBXFileReference; lastKnownFileType = net.daringfireball.markdown; path = README.md; sourceTree = "<group>"; };
		5F1359AC2990994B005B8100 /* MockNetworkService.swift */ = {isa = PBXFileReference; lastKnownFileType = sourcecode.swift; path = MockNetworkService.swift; sourceTree = "<group>"; };
		5F1359AE29909984005B8100 /* MockLocationService.swift */ = {isa = PBXFileReference; lastKnownFileType = sourcecode.swift; path = MockLocationService.swift; sourceTree = "<group>"; };
		5F1359B22990BC57005B8100 /* CurrentLocationViewModelTests.swift */ = {isa = PBXFileReference; lastKnownFileType = sourcecode.swift; path = CurrentLocationViewModelTests.swift; sourceTree = "<group>"; };
		5F1359B42991371F005B8100 /* Kira.gpx */ = {isa = PBXFileReference; lastKnownFileType = text.xml; path = Kira.gpx; sourceTree = "<group>"; };
		5F1A2D032992DF0E00A61733 /* Logger+Extension.swift */ = {isa = PBXFileReference; lastKnownFileType = sourcecode.swift; path = "Logger+Extension.swift"; sourceTree = "<group>"; };
		5F26171D2992845A005DAD79 /* MapPin.swift */ = {isa = PBXFileReference; lastKnownFileType = sourcecode.swift; path = MapPin.swift; sourceTree = "<group>"; };
		5F2B9F67299761520033DBB5 /* AppIcon.swift */ = {isa = PBXFileReference; lastKnownFileType = sourcecode.swift; path = AppIcon.swift; sourceTree = "<group>"; };
		5F2B9F69299763DF0033DBB5 /* SettingsViewModel.swift */ = {isa = PBXFileReference; lastKnownFileType = sourcecode.swift; path = SettingsViewModel.swift; sourceTree = "<group>"; };
		5F2B9F6B299764EE0033DBB5 /* RadioView.swift */ = {isa = PBXFileReference; lastKnownFileType = sourcecode.swift; path = RadioView.swift; sourceTree = "<group>"; };
		5F328291298C9A9F0079CF67 /* UICollectionViewCell+Extension .swift */ = {isa = PBXFileReference; lastKnownFileType = sourcecode.swift; path = "UICollectionViewCell+Extension .swift"; sourceTree = "<group>"; };
		5F328295298C9B380079CF67 /* ForecastListCollectionViewCell.swift */ = {isa = PBXFileReference; lastKnownFileType = sourcecode.swift; path = ForecastListCollectionViewCell.swift; sourceTree = "<group>"; };
		5F328296298C9B380079CF67 /* ForecastListCollectionViewCell.xib */ = {isa = PBXFileReference; lastKnownFileType = file.xib; path = ForecastListCollectionViewCell.xib; sourceTree = "<group>"; };
		5F328299298C9C5F0079CF67 /* ReusableView.swift */ = {isa = PBXFileReference; lastKnownFileType = sourcecode.swift; path = ReusableView.swift; sourceTree = "<group>"; };
		5F32829B298C9C7B0079CF67 /* SelfConfiguringCell.swift */ = {isa = PBXFileReference; lastKnownFileType = sourcecode.swift; path = SelfConfiguringCell.swift; sourceTree = "<group>"; };
		5F3282A3298CD2790079CF67 /* SettingsView.swift */ = {isa = PBXFileReference; lastKnownFileType = sourcecode.swift; path = SettingsView.swift; sourceTree = "<group>"; };
		5F3282A9298CDCF50079CF67 /* SettingsViewController.swift */ = {isa = PBXFileReference; lastKnownFileType = sourcecode.swift; path = SettingsViewController.swift; sourceTree = "<group>"; };
		5F4AB471298BCBD20007815D /*  DependencyProvider.swift */ = {isa = PBXFileReference; lastKnownFileType = sourcecode.swift; path = " DependencyProvider.swift"; sourceTree = "<group>"; };
		5F4AB474298BD1B10007815D /* FavoritesViewController.swift */ = {isa = PBXFileReference; lastKnownFileType = sourcecode.swift; path = FavoritesViewController.swift; sourceTree = "<group>"; };
		5F4AB47B298BF9B90007815D /* ThemeManager.swift */ = {isa = PBXFileReference; lastKnownFileType = sourcecode.swift; path = ThemeManager.swift; sourceTree = "<group>"; };
		5F4AB47D298BFA210007815D /* ImageTheme.swift */ = {isa = PBXFileReference; lastKnownFileType = sourcecode.swift; path = ImageTheme.swift; sourceTree = "<group>"; };
		5F4AB47F298C121A0007815D /* Themeable.swift */ = {isa = PBXFileReference; lastKnownFileType = sourcecode.swift; path = Themeable.swift; sourceTree = "<group>"; };
		5F4AB481298C14D90007815D /* ColorTheme.swift */ = {isa = PBXFileReference; lastKnownFileType = sourcecode.swift; path = ColorTheme.swift; sourceTree = "<group>"; };
		5F4AB483298C595E0007815D /* Styles.swift */ = {isa = PBXFileReference; lastKnownFileType = sourcecode.swift; path = Styles.swift; sourceTree = "<group>"; };
		5F505E172989366D00EAFE2E /* Atlas.app */ = {isa = PBXFileReference; explicitFileType = wrapper.application; includeInIndex = 0; path = Atlas.app; sourceTree = BUILT_PRODUCTS_DIR; };
		5F505E1A2989366D00EAFE2E /* AppDelegate.swift */ = {isa = PBXFileReference; lastKnownFileType = sourcecode.swift; path = AppDelegate.swift; sourceTree = "<group>"; };
		5F505E1C2989366D00EAFE2E /* SceneDelegate.swift */ = {isa = PBXFileReference; lastKnownFileType = sourcecode.swift; path = SceneDelegate.swift; sourceTree = "<group>"; };
		5F505E1E2989366D00EAFE2E /* CurrentLocationViewController.swift */ = {isa = PBXFileReference; lastKnownFileType = sourcecode.swift; path = CurrentLocationViewController.swift; sourceTree = "<group>"; };
		5F505E212989366D00EAFE2E /* Base */ = {isa = PBXFileReference; lastKnownFileType = file.storyboard; name = Base; path = Base.lproj/Main.storyboard; sourceTree = "<group>"; };
		5F505E232989366F00EAFE2E /* Assets.xcassets */ = {isa = PBXFileReference; lastKnownFileType = folder.assetcatalog; path = Assets.xcassets; sourceTree = "<group>"; };
		5F505E262989366F00EAFE2E /* Base */ = {isa = PBXFileReference; lastKnownFileType = file.storyboard; name = Base; path = Base.lproj/LaunchScreen.storyboard; sourceTree = "<group>"; };
		5F505E282989366F00EAFE2E /* Info.plist */ = {isa = PBXFileReference; lastKnownFileType = text.plist.xml; path = Info.plist; sourceTree = "<group>"; };
		5F56FF9C298E30F80085DAD0 /* AtlasTests.xctest */ = {isa = PBXFileReference; explicitFileType = wrapper.cfbundle; includeInIndex = 0; path = AtlasTests.xctest; sourceTree = BUILT_PRODUCTS_DIR; };
		5F56FFA6298E319E0085DAD0 /* DayViewModelTests.swift */ = {isa = PBXFileReference; lastKnownFileType = sourcecode.swift; path = DayViewModelTests.swift; sourceTree = "<group>"; };
		5F56FFA9298E342F0085DAD0 /* current.json */ = {isa = PBXFileReference; fileEncoding = 4; lastKnownFileType = text.json; path = current.json; sourceTree = "<group>"; };
		5F56FFAE298E3A6C0085DAD0 /* forecast.json */ = {isa = PBXFileReference; fileEncoding = 4; lastKnownFileType = text.json; path = forecast.json; sourceTree = "<group>"; };
		5F56FFB0298E3CB10085DAD0 /* ForecastViewModelTests.swift */ = {isa = PBXFileReference; lastKnownFileType = sourcecode.swift; path = ForecastViewModelTests.swift; sourceTree = "<group>"; };
		5F56FFB3298E52E70085DAD0 /* FavoriteCitiesViewController.swift */ = {isa = PBXFileReference; lastKnownFileType = sourcecode.swift; path = FavoriteCitiesViewController.swift; sourceTree = "<group>"; };
		5F56FFB6298E55940085DAD0 /* WeekDayRepresentable.swift */ = {isa = PBXFileReference; lastKnownFileType = sourcecode.swift; path = WeekDayRepresentable.swift; sourceTree = "<group>"; };
		5F56FFB8298E62240085DAD0 /* ForecastDayViewModelTests.swift */ = {isa = PBXFileReference; lastKnownFileType = sourcecode.swift; path = ForecastDayViewModelTests.swift; sourceTree = "<group>"; };
		5F5CA33B298A061B006074B3 /* Forecast.swift */ = {isa = PBXFileReference; lastKnownFileType = sourcecode.swift; path = Forecast.swift; sourceTree = "<group>"; };
		5F5CA33D298A069C006074B3 /* CurrentWeather.swift */ = {isa = PBXFileReference; lastKnownFileType = sourcecode.swift; path = CurrentWeather.swift; sourceTree = "<group>"; };
		5F5CA33F298A1B61006074B3 /* DayViewController.swift */ = {isa = PBXFileReference; lastKnownFileType = sourcecode.swift; path = DayViewController.swift; sourceTree = "<group>"; };
		5F5CA341298A1BC7006074B3 /* ForecastViewController.swift */ = {isa = PBXFileReference; lastKnownFileType = sourcecode.swift; path = ForecastViewController.swift; sourceTree = "<group>"; };
		5F72E1C3298DFFE700858576 /* Base */ = {isa = PBXFileReference; lastKnownFileType = file.storyboard; name = Base; path = Atlas/Storyboards/Base.lproj/Settings.storyboard; sourceTree = "<group>"; };
		5F72E1C5298E00A500858576 /* CurrentLocation.storyboard */ = {isa = PBXFileReference; fileEncoding = 4; lastKnownFileType = file.storyboard; path = CurrentLocation.storyboard; sourceTree = "<group>"; };
		5F72E1C7298E201200858576 /* AtlasError.swift */ = {isa = PBXFileReference; lastKnownFileType = sourcecode.swift; path = AtlasError.swift; sourceTree = "<group>"; };
		5F8A97062994BEC6003B8A7C /* StringOptional+Extension.swift */ = {isa = PBXFileReference; lastKnownFileType = sourcecode.swift; path = "StringOptional+Extension.swift"; sourceTree = "<group>"; };
		5F9280022992901F0067A2D7 /* FavoritesMapViewModel.swift */ = {isa = PBXFileReference; lastKnownFileType = sourcecode.swift; path = FavoritesMapViewModel.swift; sourceTree = "<group>"; };
		5FAC3697299181BF0037E7A5 /* FavoritesMapViewController.swift */ = {isa = PBXFileReference; lastKnownFileType = sourcecode.swift; path = FavoritesMapViewController.swift; sourceTree = "<group>"; };
		5FAFABE92993F46B009519B9 /* NetworkSservice.swift */ = {isa = PBXFileReference; lastKnownFileType = sourcecode.swift; path = NetworkSservice.swift; sourceTree = "<group>"; };
		5FB8F4A2298AD9DD00B8A158 /* Alert.swift */ = {isa = PBXFileReference; lastKnownFileType = sourcecode.swift; path = Alert.swift; sourceTree = "<group>"; };
		5FB8F4A5298AF65800B8A158 /* WeatherData.swift */ = {isa = PBXFileReference; lastKnownFileType = sourcecode.swift; path = WeatherData.swift; sourceTree = "<group>"; };
		5FBA09C5298DD2CB0027D55C /* ForecastDayViewModel.swift */ = {isa = PBXFileReference; lastKnownFileType = sourcecode.swift; path = ForecastDayViewModel.swift; sourceTree = "<group>"; };
		5FBA09C7298DF0D60027D55C /* secrets.template.xcconfig */ = {isa = PBXFileReference; lastKnownFileType = text.xcconfig; path = secrets.template.xcconfig; sourceTree = "<group>"; };
		5FC3A530298A44B60071FA66 /* WeatherConditionIcon.swift */ = {isa = PBXFileReference; lastKnownFileType = sourcecode.swift; path = WeatherConditionIcon.swift; sourceTree = "<group>"; };
		5FC3A532298A6A850071FA66 /* WeatherRequest.swift */ = {isa = PBXFileReference; lastKnownFileType = sourcecode.swift; path = WeatherRequest.swift; sourceTree = "<group>"; };
		5FC3A535298A6F440071FA66 /* Configuration.swift */ = {isa = PBXFileReference; lastKnownFileType = sourcecode.swift; path = Configuration.swift; sourceTree = "<group>"; };
		5FC3A53C298A818D0071FA66 /* CurrentLocationViewModel.swift */ = {isa = PBXFileReference; lastKnownFileType = sourcecode.swift; path = CurrentLocationViewModel.swift; sourceTree = "<group>"; };
		5FC3A541298A85D70071FA66 /* TabBarController.swift */ = {isa = PBXFileReference; lastKnownFileType = sourcecode.swift; path = TabBarController.swift; sourceTree = "<group>"; };
		5FC591822997C71D00A9301D /* TemperatureNotation.swift */ = {isa = PBXFileReference; lastKnownFileType = sourcecode.swift; path = TemperatureNotation.swift; sourceTree = "<group>"; };
		5FC591842997D47600A9301D /* Double+Extension.swift */ = {isa = PBXFileReference; lastKnownFileType = sourcecode.swift; path = "Double+Extension.swift"; sourceTree = "<group>"; };
		5FCCAEF9298DF34D00A652C4 /* secrets.xcconfig */ = {isa = PBXFileReference; lastKnownFileType = text.xcconfig; path = secrets.xcconfig; sourceTree = "<group>"; };
		5FCCAEFB298DF71A00A652C4 /* ci_post_clone.sh */ = {isa = PBXFileReference; fileEncoding = 4; lastKnownFileType = text.script.sh; path = ci_post_clone.sh; sourceTree = "<group>"; };
		5FCCCD5A2992C6C20061EB43 /* AtlasUITests.xctest */ = {isa = PBXFileReference; explicitFileType = wrapper.cfbundle; includeInIndex = 0; path = AtlasUITests.xctest; sourceTree = BUILT_PRODUCTS_DIR; };
		5FCCCD5C2992C6C20061EB43 /* AtlasUITests.swift */ = {isa = PBXFileReference; lastKnownFileType = sourcecode.swift; path = AtlasUITests.swift; sourceTree = "<group>"; };
		5FF3FA612991A7880074FBAF /* AddCityViewController.swift */ = {isa = PBXFileReference; lastKnownFileType = sourcecode.swift; path = AddCityViewController.swift; sourceTree = "<group>"; };
		5FF3FA632991A7980074FBAF /* AddCityViewModel.swift */ = {isa = PBXFileReference; lastKnownFileType = sourcecode.swift; path = AddCityViewModel.swift; sourceTree = "<group>"; };
		5FF3FA672991AD6E0074FBAF /* FavoritesNavigationViewController.swift */ = {isa = PBXFileReference; lastKnownFileType = sourcecode.swift; path = FavoritesNavigationViewController.swift; sourceTree = "<group>"; };
		5FF3FA6E2991C20D0074FBAF /* CityCell.swift */ = {isa = PBXFileReference; lastKnownFileType = sourcecode.swift; path = CityCell.swift; sourceTree = "<group>"; };
		5FF3FA7029920B7B0074FBAF /* CityCellViewModel.swift */ = {isa = PBXFileReference; lastKnownFileType = sourcecode.swift; path = CityCellViewModel.swift; sourceTree = "<group>"; };
		5FF54D67298B10EE000FF779 /* DayViewModel.swift */ = {isa = PBXFileReference; lastKnownFileType = sourcecode.swift; path = DayViewModel.swift; sourceTree = "<group>"; };
		5FF54D6A298B117F000FF779 /* ForecastViewModel.swift */ = {isa = PBXFileReference; lastKnownFileType = sourcecode.swift; path = ForecastViewModel.swift; sourceTree = "<group>"; };
/* End PBXFileReference section */

/* Begin PBXFrameworksBuildPhase section */
		5F505E142989366D00EAFE2E /* Frameworks */ = {
			isa = PBXFrameworksBuildPhase;
			buildActionMask = 2147483647;
			files = (
			);
			runOnlyForDeploymentPostprocessing = 0;
		};
		5F56FF99298E30F80085DAD0 /* Frameworks */ = {
			isa = PBXFrameworksBuildPhase;
			buildActionMask = 2147483647;
			files = (
			);
			runOnlyForDeploymentPostprocessing = 0;
		};
		5FCCCD572992C6C20061EB43 /* Frameworks */ = {
			isa = PBXFrameworksBuildPhase;
			buildActionMask = 2147483647;
			files = (
			);
			runOnlyForDeploymentPostprocessing = 0;
		};
/* End PBXFrameworksBuildPhase section */

/* Begin PBXGroup section */
		5F0BE8A329932576001D8535 /* Extension */ = {
			isa = PBXGroup;
			children = (
				5F0BE8A4299325A4001D8535 /* XCUIApplication+Extension.swift */,
			);
			path = Extension;
			sourceTree = "<group>";
		};
		5F0BE8A729934BF1001D8535 /* Extension */ = {
			isa = PBXGroup;
			children = (
				5F0BE8A829934C12001D8535 /* XCTestCase+Extension.swift */,
			);
			path = Extension;
			sourceTree = "<group>";
		};
		5F13599F298FADC1005B8100 /* Services */ = {
			isa = PBXGroup;
			children = (
				5F1359A0298FADD7005B8100 /* LocationSservice.swift */,
				5FAFABE92993F46B009519B9 /* NetworkSservice.swift */,
			);
			path = Services;
			sourceTree = "<group>";
		};
		5F1359AB29909923005B8100 /* Mocks */ = {
			isa = PBXGroup;
			children = (
				5F1359AC2990994B005B8100 /* MockNetworkService.swift */,
				5F1359AE29909984005B8100 /* MockLocationService.swift */,
			);
			path = Mocks;
			sourceTree = "<group>";
		};
		5F261720299284E7005DAD79 /* CityCell */ = {
			isa = PBXGroup;
			children = (
				5FF3FA6E2991C20D0074FBAF /* CityCell.swift */,
				5FF3FA7029920B7B0074FBAF /* CityCellViewModel.swift */,
			);
			path = CityCell;
			sourceTree = "<group>";
		};
		5F32828C298C99D20079CF67 /* Collection View Cells */ = {
			isa = PBXGroup;
			children = (
				5F328295298C9B380079CF67 /* ForecastListCollectionViewCell.swift */,
				5F328296298C9B380079CF67 /* ForecastListCollectionViewCell.xib */,
			);
			path = "Collection View Cells";
			sourceTree = "<group>";
		};
		5F3282A2298CD26B0079CF67 /* Settings View */ = {
			isa = PBXGroup;
			children = (
				5F3282A3298CD2790079CF67 /* SettingsView.swift */,
				5F2B9F6B299764EE0033DBB5 /* RadioView.swift */,
				5F2B9F69299763DF0033DBB5 /* SettingsViewModel.swift */,
				5F3282A9298CDCF50079CF67 /* SettingsViewController.swift */,
			);
			path = "Settings View";
			sourceTree = "<group>";
		};
		5F4AB473298BD16E0007815D /* Favorites View Controller */ = {
			isa = PBXGroup;
			children = (
				5FAC3696299181870037E7A5 /* Favorites Map View Controller */,
				5F56FFB2298E526F0085DAD0 /* Favorite Cities */,
				5F4AB474298BD1B10007815D /* FavoritesViewController.swift */,
			);
			path = "Favorites View Controller";
			sourceTree = "<group>";
		};
		5F4AB479298BD7A50007815D /* Root View Controller */ = {
			isa = PBXGroup;
			children = (
				5FC3A541298A85D70071FA66 /* TabBarController.swift */,
			);
			path = "Root View Controller";
			sourceTree = "<group>";
		};
		5F4AB47A298BF99D0007815D /* ThemeManager */ = {
			isa = PBXGroup;
			children = (
				5F4AB47B298BF9B90007815D /* ThemeManager.swift */,
			);
			path = ThemeManager;
			sourceTree = "<group>";
		};
		5F505E0E2989366D00EAFE2E = {
			isa = PBXGroup;
			children = (
				5F1359A629901E56005B8100 /* README.md */,
				5FCCAEFA298DF6C600A652C4 /* ci_scripts */,
				5F505E192989366D00EAFE2E /* Atlas */,
				5F56FF9D298E30F80085DAD0 /* AtlasTests */,
				5FCCCD5B2992C6C20061EB43 /* AtlasUITests */,
				5F505E182989366D00EAFE2E /* Products */,
			);
			sourceTree = "<group>";
		};
		5F505E182989366D00EAFE2E /* Products */ = {
			isa = PBXGroup;
			children = (
				5F505E172989366D00EAFE2E /* Atlas.app */,
				5F56FF9C298E30F80085DAD0 /* AtlasTests.xctest */,
				5FCCCD5A2992C6C20061EB43 /* AtlasUITests.xctest */,
			);
			name = Products;
			sourceTree = "<group>";
		};
		5F505E192989366D00EAFE2E /* Atlas */ = {
			isa = PBXGroup;
			children = (
				5F13599F298FADC1005B8100 /* Services */,
				5F4AB47A298BF99D0007815D /* ThemeManager */,
				5FB8F4A4298AF64200B8A158 /* Protocols */,
				5FB8F4A1298AD9CB00B8A158 /* Utilities */,
				5FC3A534298A6F310071FA66 /* Configuration */,
				5FC3A52F298A44660071FA66 /* Extensions */,
				5F5CA33A298A0607006074B3 /* Models */,
				5F505E342989398600EAFE2E /* Delegates */,
				5F505E322989385200EAFE2E /* View Controllers */,
				5F505E36298939D400EAFE2E /* Storyboards */,
				5F505E35298939A400EAFE2E /* Resources */,
				5F505E37298939FB00EAFE2E /* Supporting Files */,
			);
			path = Atlas;
			sourceTree = "<group>";
		};
		5F505E312989384600EAFE2E /* Current Location View Controller */ = {
			isa = PBXGroup;
			children = (
				5FC3A52D298A3CB80071FA66 /* DayViewController */,
				5FC3A52E298A3CC30071FA66 /* ForecastViewController */,
				5FC3A53E298A81B00071FA66 /* View Model */,
				5F505E1E2989366D00EAFE2E /* CurrentLocationViewController.swift */,
			);
			path = "Current Location View Controller";
			sourceTree = "<group>";
		};
		5F505E322989385200EAFE2E /* View Controllers */ = {
			isa = PBXGroup;
			children = (
				5F4AB479298BD7A50007815D /* Root View Controller */,
				5F505E312989384600EAFE2E /* Current Location View Controller */,
				5F4AB473298BD16E0007815D /* Favorites View Controller */,
				5F3282A2298CD26B0079CF67 /* Settings View */,
			);
			path = "View Controllers";
			sourceTree = "<group>";
		};
		5F505E342989398600EAFE2E /* Delegates */ = {
			isa = PBXGroup;
			children = (
				5F505E1A2989366D00EAFE2E /* AppDelegate.swift */,
				5F505E1C2989366D00EAFE2E /* SceneDelegate.swift */,
			);
			path = Delegates;
			sourceTree = "<group>";
		};
		5F505E35298939A400EAFE2E /* Resources */ = {
			isa = PBXGroup;
			children = (
				5F1359B42991371F005B8100 /* Kira.gpx */,
				5F505E232989366F00EAFE2E /* Assets.xcassets */,
			);
			path = Resources;
			sourceTree = "<group>";
		};
		5F505E36298939D400EAFE2E /* Storyboards */ = {
			isa = PBXGroup;
			children = (
				5F505E202989366D00EAFE2E /* Main.storyboard */,
				5F72E1C5298E00A500858576 /* CurrentLocation.storyboard */,
				5F72E1C2298DFFE700858576 /* Settings.storyboard */,
				5F505E252989366F00EAFE2E /* LaunchScreen.storyboard */,
			);
			path = Storyboards;
			sourceTree = "<group>";
		};
		5F505E37298939FB00EAFE2E /* Supporting Files */ = {
			isa = PBXGroup;
			children = (
				5F505E282989366F00EAFE2E /* Info.plist */,
			);
			path = "Supporting Files";
			sourceTree = "<group>";
		};
		5F56FF9D298E30F80085DAD0 /* AtlasTests */ = {
			isa = PBXGroup;
			children = (
				5F0BE8A729934BF1001D8535 /* Extension */,
				5F1359AB29909923005B8100 /* Mocks */,
				5F56FFA8298E33F60085DAD0 /* Stubs */,
				5F56FFA5298E315B0085DAD0 /* Test Cases */,
			);
			path = AtlasTests;
			sourceTree = "<group>";
		};
		5F56FFA5298E315B0085DAD0 /* Test Cases */ = {
			isa = PBXGroup;
			children = (
				5F56FFA6298E319E0085DAD0 /* DayViewModelTests.swift */,
				5F56FFB0298E3CB10085DAD0 /* ForecastViewModelTests.swift */,
				5F56FFB8298E62240085DAD0 /* ForecastDayViewModelTests.swift */,
				5F1359B22990BC57005B8100 /* CurrentLocationViewModelTests.swift */,
			);
			path = "Test Cases";
			sourceTree = "<group>";
		};
		5F56FFA8298E33F60085DAD0 /* Stubs */ = {
			isa = PBXGroup;
			children = (
				5F56FFAE298E3A6C0085DAD0 /* forecast.json */,
				5F56FFA9298E342F0085DAD0 /* current.json */,
			);
			path = Stubs;
			sourceTree = "<group>";
		};
		5F56FFB2298E526F0085DAD0 /* Favorite Cities */ = {
			isa = PBXGroup;
			children = (
				5FF3FA602991A76A0074FBAF /* AddCity View Controller */,
				5F261720299284E7005DAD79 /* CityCell */,
				5F56FFB3298E52E70085DAD0 /* FavoriteCitiesViewController.swift */,
				5FF3FA672991AD6E0074FBAF /* FavoritesNavigationViewController.swift */,
			);
			path = "Favorite Cities";
			sourceTree = "<group>";
		};
		5F56FFB5298E550F0085DAD0 /* Protocols */ = {
			isa = PBXGroup;
			children = (
				5F56FFB6298E55940085DAD0 /* WeekDayRepresentable.swift */,
			);
			path = Protocols;
			sourceTree = "<group>";
		};
		5F5CA33A298A0607006074B3 /* Models */ = {
			isa = PBXGroup;
			children = (
				5F5CA33B298A061B006074B3 /* Forecast.swift */,
				5F13599B298FA5D1005B8100 /* Location.swift */,
				5FC3A532298A6A850071FA66 /* WeatherRequest.swift */,
				5F5CA33D298A069C006074B3 /* CurrentWeather.swift */,
				5F4AB47D298BFA210007815D /* ImageTheme.swift */,
				5F4AB481298C14D90007815D /* ColorTheme.swift */,
				5F26171D2992845A005DAD79 /* MapPin.swift */,
				5FC591822997C71D00A9301D /* TemperatureNotation.swift */,
			);
			path = Models;
			sourceTree = "<group>";
		};
		5FAC3696299181870037E7A5 /* Favorites Map View Controller */ = {
			isa = PBXGroup;
			children = (
				5FAC3697299181BF0037E7A5 /* FavoritesMapViewController.swift */,
				5F9280022992901F0067A2D7 /* FavoritesMapViewModel.swift */,
			);
			path = "Favorites Map View Controller";
			sourceTree = "<group>";
		};
		5FB8F4A1298AD9CB00B8A158 /* Utilities */ = {
			isa = PBXGroup;
			children = (
				5FB8F4A2298AD9DD00B8A158 /* Alert.swift */,
				5F72E1C7298E201200858576 /* AtlasError.swift */,
				5FC3A530298A44B60071FA66 /* WeatherConditionIcon.swift */,
				5F4AB471298BCBD20007815D /*  DependencyProvider.swift */,
				5F2B9F67299761520033DBB5 /* AppIcon.swift */,
			);
			path = Utilities;
			sourceTree = "<group>";
		};
		5FB8F4A4298AF64200B8A158 /* Protocols */ = {
			isa = PBXGroup;
			children = (
				5FB8F4A5298AF65800B8A158 /* WeatherData.swift */,
				5F4AB47F298C121A0007815D /* Themeable.swift */,
				5F328299298C9C5F0079CF67 /* ReusableView.swift */,
				5F32829B298C9C7B0079CF67 /* SelfConfiguringCell.swift */,
				5F13599D298FA921005B8100 /* LocationServicing.swift */,
				5F1359A2298FB6FB005B8100 /* NetworkServicing.swift */,
			);
			path = Protocols;
			sourceTree = "<group>";
		};
		5FC3A52D298A3CB80071FA66 /* DayViewController */ = {
			isa = PBXGroup;
			children = (
				5FF54D66298B10D7000FF779 /* View Model */,
				5F5CA33F298A1B61006074B3 /* DayViewController.swift */,
			);
			path = DayViewController;
			sourceTree = "<group>";
		};
		5FC3A52E298A3CC30071FA66 /* ForecastViewController */ = {
			isa = PBXGroup;
			children = (
				5F56FFB5298E550F0085DAD0 /* Protocols */,
				5F32828C298C99D20079CF67 /* Collection View Cells */,
				5FF54D69298B116A000FF779 /* View Model */,
				5F5CA341298A1BC7006074B3 /* ForecastViewController.swift */,
			);
			path = ForecastViewController;
			sourceTree = "<group>";
		};
		5FC3A52F298A44660071FA66 /* Extensions */ = {
			isa = PBXGroup;
			children = (
				5F4AB483298C595E0007815D /* Styles.swift */,
				5F8A97062994BEC6003B8A7C /* StringOptional+Extension.swift */,
				5F328291298C9A9F0079CF67 /* UICollectionViewCell+Extension .swift */,
				5F1359A4298FEB71005B8100 /* UserDefaults+Extension.swift */,
				5F1A2D032992DF0E00A61733 /* Logger+Extension.swift */,
				5FC591842997D47600A9301D /* Double+Extension.swift */,
			);
			path = Extensions;
			sourceTree = "<group>";
		};
		5FC3A534298A6F310071FA66 /* Configuration */ = {
			isa = PBXGroup;
			children = (
				5FC3A535298A6F440071FA66 /* Configuration.swift */,
				5FBA09C7298DF0D60027D55C /* secrets.template.xcconfig */,
				5FCCAEF9298DF34D00A652C4 /* secrets.xcconfig */,
			);
			path = Configuration;
			sourceTree = "<group>";
		};
		5FC3A53E298A81B00071FA66 /* View Model */ = {
			isa = PBXGroup;
			children = (
				5FC3A53C298A818D0071FA66 /* CurrentLocationViewModel.swift */,
			);
			path = "View Model";
			sourceTree = "<group>";
		};
		5FCCAEFA298DF6C600A652C4 /* ci_scripts */ = {
			isa = PBXGroup;
			children = (
				5FCCAEFB298DF71A00A652C4 /* ci_post_clone.sh */,
			);
			path = ci_scripts;
			sourceTree = "<group>";
		};
		5FCCCD5B2992C6C20061EB43 /* AtlasUITests */ = {
			isa = PBXGroup;
			children = (
				5F0BE8A329932576001D8535 /* Extension */,
				5FCCCD5C2992C6C20061EB43 /* AtlasUITests.swift */,
			);
			path = AtlasUITests;
			sourceTree = "<group>";
		};
		5FF3FA602991A76A0074FBAF /* AddCity View Controller */ = {
			isa = PBXGroup;
			children = (
				5FF3FA612991A7880074FBAF /* AddCityViewController.swift */,
				5FF3FA632991A7980074FBAF /* AddCityViewModel.swift */,
			);
			path = "AddCity View Controller";
			sourceTree = "<group>";
		};
		5FF54D66298B10D7000FF779 /* View Model */ = {
			isa = PBXGroup;
			children = (
				5FF54D67298B10EE000FF779 /* DayViewModel.swift */,
			);
			path = "View Model";
			sourceTree = "<group>";
		};
		5FF54D69298B116A000FF779 /* View Model */ = {
			isa = PBXGroup;
			children = (
				5FBA09C5298DD2CB0027D55C /* ForecastDayViewModel.swift */,
				5FF54D6A298B117F000FF779 /* ForecastViewModel.swift */,
			);
			path = "View Model";
			sourceTree = "<group>";
		};
/* End PBXGroup section */

/* Begin PBXNativeTarget section */
		5F505E162989366D00EAFE2E /* Atlas */ = {
			isa = PBXNativeTarget;
			buildConfigurationList = 5F505E2B2989366F00EAFE2E /* Build configuration list for PBXNativeTarget "Atlas" */;
			buildPhases = (
				5F505E132989366D00EAFE2E /* Sources */,
				5F505E142989366D00EAFE2E /* Frameworks */,
				5F505E152989366D00EAFE2E /* Resources */,
				5F505E332989388900EAFE2E /* SwiftLint Run Script */,
			);
			buildRules = (
			);
			dependencies = (
			);
			name = Atlas;
			productName = Atlas;
			productReference = 5F505E172989366D00EAFE2E /* Atlas.app */;
			productType = "com.apple.product-type.application";
		};
		5F56FF9B298E30F80085DAD0 /* AtlasTests */ = {
			isa = PBXNativeTarget;
			buildConfigurationList = 5F56FFA2298E30F80085DAD0 /* Build configuration list for PBXNativeTarget "AtlasTests" */;
			buildPhases = (
				5F56FF98298E30F80085DAD0 /* Sources */,
				5F56FF99298E30F80085DAD0 /* Frameworks */,
				5F56FF9A298E30F80085DAD0 /* Resources */,
			);
			buildRules = (
			);
			dependencies = (
				5F56FFA1298E30F80085DAD0 /* PBXTargetDependency */,
			);
			name = AtlasTests;
			productName = AtlasTests;
			productReference = 5F56FF9C298E30F80085DAD0 /* AtlasTests.xctest */;
			productType = "com.apple.product-type.bundle.unit-test";
		};
		5FCCCD592992C6C20061EB43 /* AtlasUITests */ = {
			isa = PBXNativeTarget;
			buildConfigurationList = 5FCCCD622992C6C20061EB43 /* Build configuration list for PBXNativeTarget "AtlasUITests" */;
			buildPhases = (
				5FCCCD562992C6C20061EB43 /* Sources */,
				5FCCCD572992C6C20061EB43 /* Frameworks */,
				5FCCCD582992C6C20061EB43 /* Resources */,
			);
			buildRules = (
			);
			dependencies = (
				5FCCCD612992C6C20061EB43 /* PBXTargetDependency */,
			);
			name = AtlasUITests;
			productName = AtlasUITests;
			productReference = 5FCCCD5A2992C6C20061EB43 /* AtlasUITests.xctest */;
			productType = "com.apple.product-type.bundle.ui-testing";
		};
/* End PBXNativeTarget section */

/* Begin PBXProject section */
		5F505E0F2989366D00EAFE2E /* Project object */ = {
			isa = PBXProject;
			attributes = {
				BuildIndependentTargetsInParallel = 1;
				LastSwiftUpdateCheck = 1420;
				LastUpgradeCheck = 1420;
				TargetAttributes = {
					5F505E162989366D00EAFE2E = {
						CreatedOnToolsVersion = 14.2;
					};
					5F56FF9B298E30F80085DAD0 = {
						CreatedOnToolsVersion = 14.2;
						TestTargetID = 5F505E162989366D00EAFE2E;
					};
					5FCCCD592992C6C20061EB43 = {
						CreatedOnToolsVersion = 14.2;
						TestTargetID = 5F505E162989366D00EAFE2E;
					};
				};
			};
			buildConfigurationList = 5F505E122989366D00EAFE2E /* Build configuration list for PBXProject "Atlas" */;
			compatibilityVersion = "Xcode 14.0";
			developmentRegion = en;
			hasScannedForEncodings = 0;
			knownRegions = (
				en,
				Base,
			);
			mainGroup = 5F505E0E2989366D00EAFE2E;
			productRefGroup = 5F505E182989366D00EAFE2E /* Products */;
			projectDirPath = "";
			projectRoot = "";
			targets = (
				5F505E162989366D00EAFE2E /* Atlas */,
				5F56FF9B298E30F80085DAD0 /* AtlasTests */,
				5FCCCD592992C6C20061EB43 /* AtlasUITests */,
			);
		};
/* End PBXProject section */

/* Begin PBXResourcesBuildPhase section */
		5F505E152989366D00EAFE2E /* Resources */ = {
			isa = PBXResourcesBuildPhase;
			buildActionMask = 2147483647;
			files = (
				5F505E272989366F00EAFE2E /* LaunchScreen.storyboard in Resources */,
				5F328298298C9B380079CF67 /* ForecastListCollectionViewCell.xib in Resources */,
				5F505E242989366F00EAFE2E /* Assets.xcassets in Resources */,
				5F72E1C4298DFFE700858576 /* Settings.storyboard in Resources */,
				5F72E1C6298E00A500858576 /* CurrentLocation.storyboard in Resources */,
				5FCCAEFC298DF71A00A652C4 /* ci_post_clone.sh in Resources */,
				5F505E222989366D00EAFE2E /* Main.storyboard in Resources */,
			);
			runOnlyForDeploymentPostprocessing = 0;
		};
		5F56FF9A298E30F80085DAD0 /* Resources */ = {
			isa = PBXResourcesBuildPhase;
			buildActionMask = 2147483647;
			files = (
				5F56FFAF298E3A6C0085DAD0 /* forecast.json in Resources */,
				5F56FFAA298E342F0085DAD0 /* current.json in Resources */,
			);
			runOnlyForDeploymentPostprocessing = 0;
		};
		5FCCCD582992C6C20061EB43 /* Resources */ = {
			isa = PBXResourcesBuildPhase;
			buildActionMask = 2147483647;
			files = (
			);
			runOnlyForDeploymentPostprocessing = 0;
		};
/* End PBXResourcesBuildPhase section */

/* Begin PBXShellScriptBuildPhase section */
		5F505E332989388900EAFE2E /* SwiftLint Run Script */ = {
			isa = PBXShellScriptBuildPhase;
			alwaysOutOfDate = 1;
			buildActionMask = 2147483647;
			files = (
			);
			inputFileListPaths = (
			);
			inputPaths = (
			);
			name = "SwiftLint Run Script";
			outputFileListPaths = (
			);
			outputPaths = (
			);
			runOnlyForDeploymentPostprocessing = 0;
			shellPath = /bin/sh;
			shellScript = "export PATH=\"$PATH:/opt/homebrew/bin\"\n\n if which swiftlint >/dev/null; then\n     swiftlint --no-cache\n else\n     echo \"SwiftLint does not exist, download from https://github.com/realm/SwiftLint\"\n fi\n";
		};
/* End PBXShellScriptBuildPhase section */

/* Begin PBXSourcesBuildPhase section */
		5F505E132989366D00EAFE2E /* Sources */ = {
			isa = PBXSourcesBuildPhase;
			buildActionMask = 2147483647;
			files = (
				5F1A2D042992DF0E00A61733 /* Logger+Extension.swift in Sources */,
				5F32829A298C9C5F0079CF67 /* ReusableView.swift in Sources */,
				5F13599E298FA921005B8100 /* LocationServicing.swift in Sources */,
				5F56FFB4298E52E70085DAD0 /* FavoriteCitiesViewController.swift in Sources */,
				5F5CA33C298A061B006074B3 /* Forecast.swift in Sources */,
				5F5CA342298A1BC7006074B3 /* ForecastViewController.swift in Sources */,
				5FF54D68298B10EE000FF779 /* DayViewModel.swift in Sources */,
				5F2B9F6C299764EE0033DBB5 /* RadioView.swift in Sources */,
				5F4AB484298C595E0007815D /* Styles.swift in Sources */,
				5F2B9F6A299763DF0033DBB5 /* SettingsViewModel.swift in Sources */,
				5F328292298C9A9F0079CF67 /* UICollectionViewCell+Extension .swift in Sources */,
				5FF3FA6F2991C20D0074FBAF /* CityCell.swift in Sources */,
				5F328297298C9B380079CF67 /* ForecastListCollectionViewCell.swift in Sources */,
				5F1359A3298FB6FB005B8100 /* NetworkServicing.swift in Sources */,
				5FB8F4A6298AF65800B8A158 /* WeatherData.swift in Sources */,
				5F5CA33E298A069C006074B3 /* CurrentWeather.swift in Sources */,
				5FF3FA682991AD6E0074FBAF /* FavoritesNavigationViewController.swift in Sources */,
				5FF54D6B298B117F000FF779 /* ForecastViewModel.swift in Sources */,
				5F4AB47E298BFA210007815D /* ImageTheme.swift in Sources */,
				5FC3A531298A44B60071FA66 /* WeatherConditionIcon.swift in Sources */,
				5FC591852997D47600A9301D /* Double+Extension.swift in Sources */,
				5F4AB47C298BF9B90007815D /* ThemeManager.swift in Sources */,
				5F505E1F2989366D00EAFE2E /* CurrentLocationViewController.swift in Sources */,
				5F2B9F68299761520033DBB5 /* AppIcon.swift in Sources */,
				5F56FFB7298E55940085DAD0 /* WeekDayRepresentable.swift in Sources */,
				5FB8F4A3298AD9DD00B8A158 /* Alert.swift in Sources */,
				5F26171E2992845A005DAD79 /* MapPin.swift in Sources */,
				5F4AB472298BCBD20007815D /*  DependencyProvider.swift in Sources */,
				5F4AB475298BD1B10007815D /* FavoritesViewController.swift in Sources */,
				5F72E1C8298E201200858576 /* AtlasError.swift in Sources */,
				5F9280032992901F0067A2D7 /* FavoritesMapViewModel.swift in Sources */,
				5F8A97072994BEC6003B8A7C /* StringOptional+Extension.swift in Sources */,
				5FAC3698299181BF0037E7A5 /* FavoritesMapViewController.swift in Sources */,
				5F1359A5298FEB71005B8100 /* UserDefaults+Extension.swift in Sources */,
				5F505E1B2989366D00EAFE2E /* AppDelegate.swift in Sources */,
				5FC591832997C71D00A9301D /* TemperatureNotation.swift in Sources */,
				5FF3FA7129920B7B0074FBAF /* CityCellViewModel.swift in Sources */,
				5F3282A4298CD2790079CF67 /* SettingsView.swift in Sources */,
				5FC3A536298A6F440071FA66 /* Configuration.swift in Sources */,
				5FBA09C6298DD2CB0027D55C /* ForecastDayViewModel.swift in Sources */,
				5FC3A533298A6A850071FA66 /* WeatherRequest.swift in Sources */,
				5FC3A53D298A818D0071FA66 /* CurrentLocationViewModel.swift in Sources */,
				5F32829C298C9C7B0079CF67 /* SelfConfiguringCell.swift in Sources */,
				5F13599C298FA5D1005B8100 /* Location.swift in Sources */,
				5F3282AA298CDCF50079CF67 /* SettingsViewController.swift in Sources */,
				5F4AB480298C121A0007815D /* Themeable.swift in Sources */,
				5FF3FA622991A7880074FBAF /* AddCityViewController.swift in Sources */,
				5FC3A542298A85D70071FA66 /* TabBarController.swift in Sources */,
				5F505E1D2989366D00EAFE2E /* SceneDelegate.swift in Sources */,
				5F4AB482298C14D90007815D /* ColorTheme.swift in Sources */,
				5F1359A1298FADD7005B8100 /* LocationSservice.swift in Sources */,
				5F5CA340298A1B61006074B3 /* DayViewController.swift in Sources */,
				5FAFABEA2993F46B009519B9 /* NetworkSservice.swift in Sources */,
				5FF3FA642991A7980074FBAF /* AddCityViewModel.swift in Sources */,
			);
			runOnlyForDeploymentPostprocessing = 0;
		};
		5F56FF98298E30F80085DAD0 /* Sources */ = {
			isa = PBXSourcesBuildPhase;
			buildActionMask = 2147483647;
			files = (
				5F1359AF29909984005B8100 /* MockLocationService.swift in Sources */,
				5F1359AD2990994B005B8100 /* MockNetworkService.swift in Sources */,
				5F1359B32990BC57005B8100 /* CurrentLocationViewModelTests.swift in Sources */,
				5F56FFB1298E3CB10085DAD0 /* ForecastViewModelTests.swift in Sources */,
				5F56FFA7298E319E0085DAD0 /* DayViewModelTests.swift in Sources */,
				5F0BE8A929934C12001D8535 /* XCTestCase+Extension.swift in Sources */,
				5F56FFB9298E62240085DAD0 /* ForecastDayViewModelTests.swift in Sources */,
			);
			runOnlyForDeploymentPostprocessing = 0;
		};
		5FCCCD562992C6C20061EB43 /* Sources */ = {
			isa = PBXSourcesBuildPhase;
			buildActionMask = 2147483647;
			files = (
				5FCCCD5D2992C6C20061EB43 /* AtlasUITests.swift in Sources */,
				5F0BE8A5299325A4001D8535 /* XCUIApplication+Extension.swift in Sources */,
			);
			runOnlyForDeploymentPostprocessing = 0;
		};
/* End PBXSourcesBuildPhase section */

/* Begin PBXTargetDependency section */
		5F56FFA1298E30F80085DAD0 /* PBXTargetDependency */ = {
			isa = PBXTargetDependency;
			target = 5F505E162989366D00EAFE2E /* Atlas */;
			targetProxy = 5F56FFA0298E30F80085DAD0 /* PBXContainerItemProxy */;
		};
		5FCCCD612992C6C20061EB43 /* PBXTargetDependency */ = {
			isa = PBXTargetDependency;
			target = 5F505E162989366D00EAFE2E /* Atlas */;
			targetProxy = 5FCCCD602992C6C20061EB43 /* PBXContainerItemProxy */;
		};
/* End PBXTargetDependency section */

/* Begin PBXVariantGroup section */
		5F505E202989366D00EAFE2E /* Main.storyboard */ = {
			isa = PBXVariantGroup;
			children = (
				5F505E212989366D00EAFE2E /* Base */,
			);
			name = Main.storyboard;
			sourceTree = "<group>";
		};
		5F505E252989366F00EAFE2E /* LaunchScreen.storyboard */ = {
			isa = PBXVariantGroup;
			children = (
				5F505E262989366F00EAFE2E /* Base */,
			);
			name = LaunchScreen.storyboard;
			sourceTree = "<group>";
		};
		5F72E1C2298DFFE700858576 /* Settings.storyboard */ = {
			isa = PBXVariantGroup;
			children = (
				5F72E1C3298DFFE700858576 /* Base */,
			);
			name = Settings.storyboard;
			sourceTree = "<group>";
		};
/* End PBXVariantGroup section */

/* Begin XCBuildConfiguration section */
		5F505E292989366F00EAFE2E /* Debug */ = {
			isa = XCBuildConfiguration;
			baseConfigurationReference = 5FCCAEF9298DF34D00A652C4 /* secrets.xcconfig */;
			buildSettings = {
				ALWAYS_SEARCH_USER_PATHS = NO;
				ASSETCATALOG_COMPILER_ALTERNATE_APPICON_NAMES = AppIconT;
				CLANG_ANALYZER_NONNULL = YES;
				CLANG_ANALYZER_NUMBER_OBJECT_CONVERSION = YES_AGGRESSIVE;
				CLANG_CXX_LANGUAGE_STANDARD = "gnu++20";
				CLANG_ENABLE_MODULES = YES;
				CLANG_ENABLE_OBJC_ARC = YES;
				CLANG_ENABLE_OBJC_WEAK = YES;
				CLANG_WARN_BLOCK_CAPTURE_AUTORELEASING = YES;
				CLANG_WARN_BOOL_CONVERSION = YES;
				CLANG_WARN_COMMA = YES;
				CLANG_WARN_CONSTANT_CONVERSION = YES;
				CLANG_WARN_DEPRECATED_OBJC_IMPLEMENTATIONS = YES;
				CLANG_WARN_DIRECT_OBJC_ISA_USAGE = YES_ERROR;
				CLANG_WARN_DOCUMENTATION_COMMENTS = YES;
				CLANG_WARN_EMPTY_BODY = YES;
				CLANG_WARN_ENUM_CONVERSION = YES;
				CLANG_WARN_INFINITE_RECURSION = YES;
				CLANG_WARN_INT_CONVERSION = YES;
				CLANG_WARN_NON_LITERAL_NULL_CONVERSION = YES;
				CLANG_WARN_OBJC_IMPLICIT_RETAIN_SELF = YES;
				CLANG_WARN_OBJC_LITERAL_CONVERSION = YES;
				CLANG_WARN_OBJC_ROOT_CLASS = YES_ERROR;
				CLANG_WARN_QUOTED_INCLUDE_IN_FRAMEWORK_HEADER = YES;
				CLANG_WARN_RANGE_LOOP_ANALYSIS = YES;
				CLANG_WARN_STRICT_PROTOTYPES = YES;
				CLANG_WARN_SUSPICIOUS_MOVE = YES;
				CLANG_WARN_UNGUARDED_AVAILABILITY = YES_AGGRESSIVE;
				CLANG_WARN_UNREACHABLE_CODE = YES;
				CLANG_WARN__DUPLICATE_METHOD_MATCH = YES;
				COPY_PHASE_STRIP = NO;
				DEBUG_INFORMATION_FORMAT = dwarf;
				ENABLE_STRICT_OBJC_MSGSEND = YES;
				ENABLE_TESTABILITY = YES;
				GCC_C_LANGUAGE_STANDARD = gnu11;
				GCC_DYNAMIC_NO_PIC = NO;
				GCC_NO_COMMON_BLOCKS = YES;
				GCC_OPTIMIZATION_LEVEL = 0;
				GCC_PREPROCESSOR_DEFINITIONS = (
					"DEBUG=1",
					"$(inherited)",
				);
				GCC_WARN_64_TO_32_BIT_CONVERSION = YES;
				GCC_WARN_ABOUT_RETURN_TYPE = YES_ERROR;
				GCC_WARN_UNDECLARED_SELECTOR = YES;
				GCC_WARN_UNINITIALIZED_AUTOS = YES_AGGRESSIVE;
				GCC_WARN_UNUSED_FUNCTION = YES;
				GCC_WARN_UNUSED_VARIABLE = YES;
				IPHONEOS_DEPLOYMENT_TARGET = 16.2;
				MTL_ENABLE_DEBUG_INFO = INCLUDE_SOURCE;
				MTL_FAST_MATH = YES;
				ONLY_ACTIVE_ARCH = YES;
				SDKROOT = iphoneos;
				SWIFT_ACTIVE_COMPILATION_CONDITIONS = DEBUG;
				SWIFT_OPTIMIZATION_LEVEL = "-Onone";
			};
			name = Debug;
		};
		5F505E2A2989366F00EAFE2E /* Release */ = {
			isa = XCBuildConfiguration;
			baseConfigurationReference = 5FCCAEF9298DF34D00A652C4 /* secrets.xcconfig */;
			buildSettings = {
				ALWAYS_SEARCH_USER_PATHS = NO;
				ASSETCATALOG_COMPILER_ALTERNATE_APPICON_NAMES = AppIconT;
				CLANG_ANALYZER_NONNULL = YES;
				CLANG_ANALYZER_NUMBER_OBJECT_CONVERSION = YES_AGGRESSIVE;
				CLANG_CXX_LANGUAGE_STANDARD = "gnu++20";
				CLANG_ENABLE_MODULES = YES;
				CLANG_ENABLE_OBJC_ARC = YES;
				CLANG_ENABLE_OBJC_WEAK = YES;
				CLANG_WARN_BLOCK_CAPTURE_AUTORELEASING = YES;
				CLANG_WARN_BOOL_CONVERSION = YES;
				CLANG_WARN_COMMA = YES;
				CLANG_WARN_CONSTANT_CONVERSION = YES;
				CLANG_WARN_DEPRECATED_OBJC_IMPLEMENTATIONS = YES;
				CLANG_WARN_DIRECT_OBJC_ISA_USAGE = YES_ERROR;
				CLANG_WARN_DOCUMENTATION_COMMENTS = YES;
				CLANG_WARN_EMPTY_BODY = YES;
				CLANG_WARN_ENUM_CONVERSION = YES;
				CLANG_WARN_INFINITE_RECURSION = YES;
				CLANG_WARN_INT_CONVERSION = YES;
				CLANG_WARN_NON_LITERAL_NULL_CONVERSION = YES;
				CLANG_WARN_OBJC_IMPLICIT_RETAIN_SELF = YES;
				CLANG_WARN_OBJC_LITERAL_CONVERSION = YES;
				CLANG_WARN_OBJC_ROOT_CLASS = YES_ERROR;
				CLANG_WARN_QUOTED_INCLUDE_IN_FRAMEWORK_HEADER = YES;
				CLANG_WARN_RANGE_LOOP_ANALYSIS = YES;
				CLANG_WARN_STRICT_PROTOTYPES = YES;
				CLANG_WARN_SUSPICIOUS_MOVE = YES;
				CLANG_WARN_UNGUARDED_AVAILABILITY = YES_AGGRESSIVE;
				CLANG_WARN_UNREACHABLE_CODE = YES;
				CLANG_WARN__DUPLICATE_METHOD_MATCH = YES;
				COPY_PHASE_STRIP = NO;
				DEBUG_INFORMATION_FORMAT = "dwarf-with-dsym";
				ENABLE_NS_ASSERTIONS = NO;
				ENABLE_STRICT_OBJC_MSGSEND = YES;
				GCC_C_LANGUAGE_STANDARD = gnu11;
				GCC_NO_COMMON_BLOCKS = YES;
				GCC_WARN_64_TO_32_BIT_CONVERSION = YES;
				GCC_WARN_ABOUT_RETURN_TYPE = YES_ERROR;
				GCC_WARN_UNDECLARED_SELECTOR = YES;
				GCC_WARN_UNINITIALIZED_AUTOS = YES_AGGRESSIVE;
				GCC_WARN_UNUSED_FUNCTION = YES;
				GCC_WARN_UNUSED_VARIABLE = YES;
				IPHONEOS_DEPLOYMENT_TARGET = 16.2;
				MTL_ENABLE_DEBUG_INFO = NO;
				MTL_FAST_MATH = YES;
				SDKROOT = iphoneos;
				SWIFT_COMPILATION_MODE = wholemodule;
				SWIFT_OPTIMIZATION_LEVEL = "-O";
				VALIDATE_PRODUCT = YES;
			};
			name = Release;
		};
		5F505E2C2989366F00EAFE2E /* Debug */ = {
			isa = XCBuildConfiguration;
			baseConfigurationReference = 5FCCAEF9298DF34D00A652C4 /* secrets.xcconfig */;
			buildSettings = {
				ASSETCATALOG_COMPILER_APPICON_NAME = AppIcon;
				ASSETCATALOG_COMPILER_GLOBAL_ACCENT_COLOR_NAME = AccentColor;
				CODE_SIGN_STYLE = Automatic;
				CURRENT_PROJECT_VERSION = 1;
				DEVELOPMENT_TEAM = WV9WZS43J9;
				GENERATE_INFOPLIST_FILE = YES;
				INFOPLIST_FILE = "Atlas/Supporting Files/Info.plist";
				INFOPLIST_KEY_CFBundleDisplayName = "Atlas Weather";
				INFOPLIST_KEY_LSApplicationCategoryType = "public.app-category.weather";
				INFOPLIST_KEY_UIApplicationSupportsIndirectInputEvents = YES;
				INFOPLIST_KEY_UILaunchStoryboardName = LaunchScreen;
				INFOPLIST_KEY_UIMainStoryboardFile = Main;
				INFOPLIST_KEY_UIStatusBarHidden = NO;
				INFOPLIST_KEY_UISupportedInterfaceOrientations = UIInterfaceOrientationPortrait;
				INFOPLIST_KEY_UISupportedInterfaceOrientations_iPad = "UIInterfaceOrientationLandscapeLeft UIInterfaceOrientationLandscapeRight UIInterfaceOrientationPortrait UIInterfaceOrientationPortraitUpsideDown";
				IPHONEOS_DEPLOYMENT_TARGET = 16.0;
				LD_RUNPATH_SEARCH_PATHS = (
					"$(inherited)",
					"@executable_path/Frameworks",
				);
				MARKETING_VERSION = 0.0.1;
				PRODUCT_BUNDLE_IDENTIFIER = com.appbantu.Atlas;
				PRODUCT_NAME = "$(TARGET_NAME)";
				SUPPORTED_PLATFORMS = "iphoneos iphonesimulator";
				SUPPORTS_MACCATALYST = NO;
				SUPPORTS_MAC_DESIGNED_FOR_IPHONE_IPAD = NO;
				SWIFT_EMIT_LOC_STRINGS = YES;
				SWIFT_VERSION = 5.0;
				TARGETED_DEVICE_FAMILY = 1;
			};
			name = Debug;
		};
		5F505E2D2989366F00EAFE2E /* Release */ = {
			isa = XCBuildConfiguration;
			baseConfigurationReference = 5FCCAEF9298DF34D00A652C4 /* secrets.xcconfig */;
			buildSettings = {
				ASSETCATALOG_COMPILER_APPICON_NAME = AppIcon;
				ASSETCATALOG_COMPILER_GLOBAL_ACCENT_COLOR_NAME = AccentColor;
				CODE_SIGN_STYLE = Automatic;
				CURRENT_PROJECT_VERSION = 1;
				DEVELOPMENT_TEAM = WV9WZS43J9;
				GENERATE_INFOPLIST_FILE = YES;
				INFOPLIST_FILE = "Atlas/Supporting Files/Info.plist";
				INFOPLIST_KEY_CFBundleDisplayName = "Atlas Weather";
				INFOPLIST_KEY_LSApplicationCategoryType = "public.app-category.weather";
				INFOPLIST_KEY_UIApplicationSupportsIndirectInputEvents = YES;
				INFOPLIST_KEY_UILaunchStoryboardName = LaunchScreen;
				INFOPLIST_KEY_UIMainStoryboardFile = Main;
				INFOPLIST_KEY_UIStatusBarHidden = NO;
				INFOPLIST_KEY_UISupportedInterfaceOrientations = UIInterfaceOrientationPortrait;
				INFOPLIST_KEY_UISupportedInterfaceOrientations_iPad = "UIInterfaceOrientationLandscapeLeft UIInterfaceOrientationLandscapeRight UIInterfaceOrientationPortrait UIInterfaceOrientationPortraitUpsideDown";
				IPHONEOS_DEPLOYMENT_TARGET = 16.0;
				LD_RUNPATH_SEARCH_PATHS = (
					"$(inherited)",
					"@executable_path/Frameworks",
				);
				MARKETING_VERSION = 0.0.1;
				PRODUCT_BUNDLE_IDENTIFIER = com.appbantu.Atlas;
				PRODUCT_NAME = "$(TARGET_NAME)";
				SUPPORTED_PLATFORMS = "iphoneos iphonesimulator";
				SUPPORTS_MACCATALYST = NO;
				SUPPORTS_MAC_DESIGNED_FOR_IPHONE_IPAD = NO;
				SWIFT_EMIT_LOC_STRINGS = YES;
				SWIFT_VERSION = 5.0;
				TARGETED_DEVICE_FAMILY = 1;
			};
			name = Release;
		};
		5F56FFA3298E30F80085DAD0 /* Debug */ = {
			isa = XCBuildConfiguration;
			buildSettings = {
				BUNDLE_LOADER = "$(TEST_HOST)";
				CODE_SIGN_STYLE = Automatic;
				CURRENT_PROJECT_VERSION = 1;
				DEVELOPMENT_TEAM = WV9WZS43J9;
				GENERATE_INFOPLIST_FILE = YES;
				MARKETING_VERSION = 1.0;
				PRODUCT_BUNDLE_IDENTIFIER = com.appbantu.AtlasTests;
				PRODUCT_NAME = "$(TARGET_NAME)";
				SWIFT_EMIT_LOC_STRINGS = NO;
				SWIFT_VERSION = 5.0;
				TARGETED_DEVICE_FAMILY = "1,2";
				TEST_HOST = "$(BUILT_PRODUCTS_DIR)/Atlas.app/$(BUNDLE_EXECUTABLE_FOLDER_PATH)/Atlas";
			};
			name = Debug;
		};
		5F56FFA4298E30F80085DAD0 /* Release */ = {
			isa = XCBuildConfiguration;
			buildSettings = {
				BUNDLE_LOADER = "$(TEST_HOST)";
				CODE_SIGN_STYLE = Automatic;
				CURRENT_PROJECT_VERSION = 1;
				DEVELOPMENT_TEAM = WV9WZS43J9;
				GENERATE_INFOPLIST_FILE = YES;
				MARKETING_VERSION = 1.0;
				PRODUCT_BUNDLE_IDENTIFIER = com.appbantu.AtlasTests;
				PRODUCT_NAME = "$(TARGET_NAME)";
				SWIFT_EMIT_LOC_STRINGS = NO;
				SWIFT_VERSION = 5.0;
				TARGETED_DEVICE_FAMILY = "1,2";
				TEST_HOST = "$(BUILT_PRODUCTS_DIR)/Atlas.app/$(BUNDLE_EXECUTABLE_FOLDER_PATH)/Atlas";
			};
			name = Release;
		};
		5FCCCD632992C6C20061EB43 /* Debug */ = {
			isa = XCBuildConfiguration;
			buildSettings = {
				CODE_SIGN_STYLE = Automatic;
				CURRENT_PROJECT_VERSION = 1;
				DEVELOPMENT_TEAM = WV9WZS43J9;
				GENERATE_INFOPLIST_FILE = YES;
				MARKETING_VERSION = 1.0;
				PRODUCT_BUNDLE_IDENTIFIER = com.appbantu.AtlasUITests;
				PRODUCT_NAME = "$(TARGET_NAME)";
				SWIFT_EMIT_LOC_STRINGS = NO;
				SWIFT_VERSION = 5.0;
				TARGETED_DEVICE_FAMILY = "1,2";
				TEST_TARGET_NAME = Atlas;
			};
			name = Debug;
		};
		5FCCCD642992C6C20061EB43 /* Release */ = {
			isa = XCBuildConfiguration;
			buildSettings = {
				CODE_SIGN_STYLE = Automatic;
				CURRENT_PROJECT_VERSION = 1;
				DEVELOPMENT_TEAM = WV9WZS43J9;
				GENERATE_INFOPLIST_FILE = YES;
				MARKETING_VERSION = 1.0;
				PRODUCT_BUNDLE_IDENTIFIER = com.appbantu.AtlasUITests;
				PRODUCT_NAME = "$(TARGET_NAME)";
				SWIFT_EMIT_LOC_STRINGS = NO;
				SWIFT_VERSION = 5.0;
				TARGETED_DEVICE_FAMILY = "1,2";
				TEST_TARGET_NAME = Atlas;
			};
			name = Release;
		};
/* End XCBuildConfiguration section */

/* Begin XCConfigurationList section */
		5F505E122989366D00EAFE2E /* Build configuration list for PBXProject "Atlas" */ = {
			isa = XCConfigurationList;
			buildConfigurations = (
				5F505E292989366F00EAFE2E /* Debug */,
				5F505E2A2989366F00EAFE2E /* Release */,
			);
			defaultConfigurationIsVisible = 0;
			defaultConfigurationName = Release;
		};
		5F505E2B2989366F00EAFE2E /* Build configuration list for PBXNativeTarget "Atlas" */ = {
			isa = XCConfigurationList;
			buildConfigurations = (
				5F505E2C2989366F00EAFE2E /* Debug */,
				5F505E2D2989366F00EAFE2E /* Release */,
			);
			defaultConfigurationIsVisible = 0;
			defaultConfigurationName = Release;
		};
		5F56FFA2298E30F80085DAD0 /* Build configuration list for PBXNativeTarget "AtlasTests" */ = {
			isa = XCConfigurationList;
			buildConfigurations = (
				5F56FFA3298E30F80085DAD0 /* Debug */,
				5F56FFA4298E30F80085DAD0 /* Release */,
			);
			defaultConfigurationIsVisible = 0;
			defaultConfigurationName = Release;
		};
		5FCCCD622992C6C20061EB43 /* Build configuration list for PBXNativeTarget "AtlasUITests" */ = {
			isa = XCConfigurationList;
			buildConfigurations = (
				5FCCCD632992C6C20061EB43 /* Debug */,
				5FCCCD642992C6C20061EB43 /* Release */,
			);
			defaultConfigurationIsVisible = 0;
			defaultConfigurationName = Release;
		};
/* End XCConfigurationList section */
	};
	rootObject = 5F505E0F2989366D00EAFE2E /* Project object */;
}
